// !$*UTF8*$!
{
	archiveVersion = 1;
	classes = {
	};
	objectVersion = 46;
	objects = {

/* Begin PBXBuildFile section */
		84A6B15F1C32D2FF000ACAA5 /* main.c in Sources */ = {isa = PBXBuildFile; fileRef = 84A6B15E1C32D2FF000ACAA5 /* main.c */; };
		84A6B16C1C32D454000ACAA5 /* AKMacroTests.c in Sources */ = {isa = PBXBuildFile; fileRef = 84A6B16A1C32D454000ACAA5 /* AKMacroTests.c */; };
		84A6B1701C32DC25000ACAA5 /* AKStruct.c in Sources */ = {isa = PBXBuildFile; fileRef = 84A6B16E1C32DC25000ACAA5 /* AKStruct.c */; };
		84A6B1781C32DCD2000ACAA5 /* AKStructTests.c in Sources */ = {isa = PBXBuildFile; fileRef = 84A6B1761C32DCD2000ACAA5 /* AKStructTests.c */; };
/* End PBXBuildFile section */

/* Begin PBXCopyFilesBuildPhase section */
		84A6B1591C32D2FF000ACAA5 /* CopyFiles */ = {
			isa = PBXCopyFilesBuildPhase;
			buildActionMask = 2147483647;
			dstPath = /usr/share/man/man1/;
			dstSubfolderSpec = 0;
			files = (
			);
			runOnlyForDeploymentPostprocessing = 1;
		};
/* End PBXCopyFilesBuildPhase section */

/* Begin PBXFileReference section */
		84A6B15B1C32D2FF000ACAA5 /* AKStudy */ = {isa = PBXFileReference; explicitFileType = "compiled.mach-o.executable"; includeInIndex = 0; path = AKStudy; sourceTree = BUILT_PRODUCTS_DIR; };
		84A6B15E1C32D2FF000ACAA5 /* main.c */ = {isa = PBXFileReference; lastKnownFileType = sourcecode.c.c; path = main.c; sourceTree = "<group>"; };
		84A6B1681C32D431000ACAA5 /* AKMacro.h */ = {isa = PBXFileReference; fileEncoding = 4; lastKnownFileType = sourcecode.c.h; path = AKMacro.h; sourceTree = "<group>"; };
		84A6B16A1C32D454000ACAA5 /* AKMacroTests.c */ = {isa = PBXFileReference; fileEncoding = 4; lastKnownFileType = sourcecode.c.c; path = AKMacroTests.c; sourceTree = "<group>"; };
		84A6B16B1C32D454000ACAA5 /* AKMacroTests.h */ = {isa = PBXFileReference; fileEncoding = 4; lastKnownFileType = sourcecode.c.h; path = AKMacroTests.h; sourceTree = "<group>"; };
		84A6B16E1C32DC25000ACAA5 /* AKStruct.c */ = {isa = PBXFileReference; fileEncoding = 4; lastKnownFileType = sourcecode.c.c; path = AKStruct.c; sourceTree = "<group>"; };
		84A6B16F1C32DC25000ACAA5 /* AKStruct.h */ = {isa = PBXFileReference; fileEncoding = 4; lastKnownFileType = sourcecode.c.h; path = AKStruct.h; sourceTree = "<group>"; };
		84A6B1761C32DCD2000ACAA5 /* AKStructTests.c */ = {isa = PBXFileReference; fileEncoding = 4; lastKnownFileType = sourcecode.c.c; path = AKStructTests.c; sourceTree = "<group>"; };
		84A6B1771C32DCD2000ACAA5 /* AKStructTests.h */ = {isa = PBXFileReference; fileEncoding = 4; lastKnownFileType = sourcecode.c.h; path = AKStructTests.h; sourceTree = "<group>"; };
/* End PBXFileReference section */

/* Begin PBXFrameworksBuildPhase section */
		84A6B1581C32D2FF000ACAA5 /* Frameworks */ = {
			isa = PBXFrameworksBuildPhase;
			buildActionMask = 2147483647;
			files = (
			);
			runOnlyForDeploymentPostprocessing = 0;
		};
/* End PBXFrameworksBuildPhase section */

/* Begin PBXGroup section */
		84A6B1521C32D2FF000ACAA5 = {
			isa = PBXGroup;
			children = (
				84A6B15D1C32D2FF000ACAA5 /* AKStudy */,
				84A6B15C1C32D2FF000ACAA5 /* Products */,
			);
			sourceTree = "<group>";
		};
		84A6B15C1C32D2FF000ACAA5 /* Products */ = {
			isa = PBXGroup;
			children = (
				84A6B15B1C32D2FF000ACAA5 /* AKStudy */,
			);
			name = Products;
			sourceTree = "<group>";
		};
		84A6B15D1C32D2FF000ACAA5 /* AKStudy */ = {
			isa = PBXGroup;
			children = (
				84A6B1661C32D3B6000ACAA5 /* Tests */,
				84A6B1651C32D3AB000ACAA5 /* Source */,
				84A6B15E1C32D2FF000ACAA5 /* main.c */,
			);
			path = AKStudy;
			sourceTree = "<group>";
		};
		84A6B1651C32D3AB000ACAA5 /* Source */ = {
			isa = PBXGroup;
			children = (
				84A6B16D1C32DC0A000ACAA5 /* AKStruct */,
				84A6B1671C32D3CA000ACAA5 /* AKMacro */,
			);
			path = Source;
			sourceTree = "<group>";
		};
		84A6B1661C32D3B6000ACAA5 /* Tests */ = {
			isa = PBXGroup;
			children = (
				84A6B1751C32DCD2000ACAA5 /* AKStructTests */,
				84A6B1691C32D445000ACAA5 /* AKMacroTests */,
			);
			path = Tests;
			sourceTree = "<group>";
		};
		84A6B1671C32D3CA000ACAA5 /* AKMacro */ = {
			isa = PBXGroup;
			children = (
				84A6B1681C32D431000ACAA5 /* AKMacro.h */,
			);
			path = AKMacro;
			sourceTree = "<group>";
		};
		84A6B1691C32D445000ACAA5 /* AKMacroTests */ = {
			isa = PBXGroup;
			children = (
				84A6B16A1C32D454000ACAA5 /* AKMacroTests.c */,
				84A6B16B1C32D454000ACAA5 /* AKMacroTests.h */,
			);
			path = AKMacroTests;
			sourceTree = "<group>";
		};
		84A6B16D1C32DC0A000ACAA5 /* AKStruct */ = {
			isa = PBXGroup;
			children = (
				84A6B16E1C32DC25000ACAA5 /* AKStruct.c */,
				84A6B16F1C32DC25000ACAA5 /* AKStruct.h */,
			);
			path = AKStruct;
			sourceTree = "<group>";
		};
		84A6B1751C32DCD2000ACAA5 /* AKStructTests */ = {
			isa = PBXGroup;
			children = (
				84A6B1761C32DCD2000ACAA5 /* AKStructTests.c */,
				84A6B1771C32DCD2000ACAA5 /* AKStructTests.h */,
			);
			path = AKStructTests;
			sourceTree = "<group>";
		};
/* End PBXGroup section */

/* Begin PBXNativeTarget section */
		84A6B15A1C32D2FF000ACAA5 /* AKStudy */ = {
			isa = PBXNativeTarget;
			buildConfigurationList = 84A6B1621C32D2FF000ACAA5 /* Build configuration list for PBXNativeTarget "AKStudy" */;
			buildPhases = (
				84A6B1571C32D2FF000ACAA5 /* Sources */,
				84A6B1581C32D2FF000ACAA5 /* Frameworks */,
				84A6B1591C32D2FF000ACAA5 /* CopyFiles */,
			);
			buildRules = (
			);
			dependencies = (
			);
			name = AKStudy;
			productName = AKStudy;
			productReference = 84A6B15B1C32D2FF000ACAA5 /* AKStudy */;
			productType = "com.apple.product-type.tool";
		};
/* End PBXNativeTarget section */

/* Begin PBXProject section */
		84A6B1531C32D2FF000ACAA5 /* Project object */ = {
			isa = PBXProject;
			attributes = {
				LastUpgradeCheck = 0720;
				ORGANIZATIONNAME = Admin;
				TargetAttributes = {
					84A6B15A1C32D2FF000ACAA5 = {
						CreatedOnToolsVersion = 7.2;
					};
				};
			};
			buildConfigurationList = 84A6B1561C32D2FF000ACAA5 /* Build configuration list for PBXProject "AKStudy" */;
			compatibilityVersion = "Xcode 3.2";
			developmentRegion = English;
			hasScannedForEncodings = 0;
			knownRegions = (
				en,
			);
			mainGroup = 84A6B1521C32D2FF000ACAA5;
			productRefGroup = 84A6B15C1C32D2FF000ACAA5 /* Products */;
			projectDirPath = "";
			projectRoot = "";
			targets = (
				84A6B15A1C32D2FF000ACAA5 /* AKStudy */,
			);
		};
/* End PBXProject section */

/* Begin PBXSourcesBuildPhase section */
		84A6B1571C32D2FF000ACAA5 /* Sources */ = {
			isa = PBXSourcesBuildPhase;
			buildActionMask = 2147483647;
			files = (
				84A6B1781C32DCD2000ACAA5 /* AKStructTests.c in Sources */,
				84A6B1701C32DC25000ACAA5 /* AKStruct.c in Sources */,
				84A6B16C1C32D454000ACAA5 /* AKMacroTests.c in Sources */,
				84A6B15F1C32D2FF000ACAA5 /* main.c in Sources */,
			);
			runOnlyForDeploymentPostprocessing = 0;
		};
/* End PBXSourcesBuildPhase section */

/* Begin XCBuildConfiguration section */
		84A6B1601C32D2FF000ACAA5 /* Debug */ = {
			isa = XCBuildConfiguration;
			buildSettings = {
				ALWAYS_SEARCH_USER_PATHS = NO;
				CLANG_CXX_LANGUAGE_STANDARD = "gnu++0x";
				CLANG_CXX_LIBRARY = "libc++";
				CLANG_ENABLE_MODULES = YES;
				CLANG_ENABLE_OBJC_ARC = YES;
				CLANG_WARN_BOOL_CONVERSION = YES;
				CLANG_WARN_CONSTANT_CONVERSION = YES;
				CLANG_WARN_DIRECT_OBJC_ISA_USAGE = YES_ERROR;
				CLANG_WARN_EMPTY_BODY = YES;
				CLANG_WARN_ENUM_CONVERSION = YES;
				CLANG_WARN_INT_CONVERSION = YES;
				CLANG_WARN_OBJC_ROOT_CLASS = YES_ERROR;
				CLANG_WARN_UNREACHABLE_CODE = YES;
				CLANG_WARN__DUPLICATE_METHOD_MATCH = YES;
				CODE_SIGN_IDENTITY = "-";
				COPY_PHASE_STRIP = NO;
				DEBUG_INFORMATION_FORMAT = dwarf;
				ENABLE_STRICT_OBJC_MSGSEND = YES;
				ENABLE_TESTABILITY = YES;
				GCC_C_LANGUAGE_STANDARD = gnu99;
				GCC_DYNAMIC_NO_PIC = NO;
				GCC_NO_COMMON_BLOCKS = YES;
				GCC_OPTIMIZATION_LEVEL = 0;
				GCC_PREPROCESSOR_DEFINITIONS = (
					"DEBUG=1",
					"$(inherited)",
				);
				GCC_WARN_64_TO_32_BIT_CONVERSION = YES;
				GCC_WARN_ABOUT_RETURN_TYPE = YES_ERROR;
				GCC_WARN_UNDECLARED_SELECTOR = YES;
				GCC_WARN_UNINITIALIZED_AUTOS = YES_AGGRESSIVE;
				GCC_WARN_UNUSED_FUNCTION = YES;
				GCC_WARN_UNUSED_VARIABLE = YES;
				MACOSX_DEPLOYMENT_TARGET = 10.11;
				MTL_ENABLE_DEBUG_INFO = YES;
				ONLY_ACTIVE_ARCH = YES;
				SDKROOT = macosx;
			};
			name = Debug;
		};
		84A6B1611C32D2FF000ACAA5 /* Release */ = {
			isa = XCBuildConfiguration;
			buildSettings = {
				ALWAYS_SEARCH_USER_PATHS = NO;
				CLANG_CXX_LANGUAGE_STANDARD = "gnu++0x";
				CLANG_CXX_LIBRARY = "libc++";
				CLANG_ENABLE_MODULES = YES;
				CLANG_ENABLE_OBJC_ARC = YES;
				CLANG_WARN_BOOL_CONVERSION = YES;
				CLANG_WARN_CONSTANT_CONVERSION = YES;
				CLANG_WARN_DIRECT_OBJC_ISA_USAGE = YES_ERROR;
				CLANG_WARN_EMPTY_BODY = YES;
				CLANG_WARN_ENUM_CONVERSION = YES;
				CLANG_WARN_INT_CONVERSION = YES;
				CLANG_WARN_OBJC_ROOT_CLASS = YES_ERROR;
				CLANG_WARN_UNREACHABLE_CODE = YES;
				CLANG_WARN__DUPLICATE_METHOD_MATCH = YES;
				CODE_SIGN_IDENTITY = "-";
				COPY_PHASE_STRIP = NO;
				DEBUG_INFORMATION_FORMAT = "dwarf-with-dsym";
				ENABLE_NS_ASSERTIONS = NO;
				ENABLE_STRICT_OBJC_MSGSEND = YES;
				GCC_C_LANGUAGE_STANDARD = gnu99;
				GCC_NO_COMMON_BLOCKS = YES;
				GCC_WARN_64_TO_32_BIT_CONVERSION = YES;
				GCC_WARN_ABOUT_RETURN_TYPE = YES_ERROR;
				GCC_WARN_UNDECLARED_SELECTOR = YES;
				GCC_WARN_UNINITIALIZED_AUTOS = YES_AGGRESSIVE;
				GCC_WARN_UNUSED_FUNCTION = YES;
				GCC_WARN_UNUSED_VARIABLE = YES;
				MACOSX_DEPLOYMENT_TARGET = 10.11;
				MTL_ENABLE_DEBUG_INFO = NO;
				SDKROOT = macosx;
			};
			name = Release;
		};
		84A6B1631C32D2FF000ACAA5 /* Debug */ = {
			isa = XCBuildConfiguration;
			buildSettings = {
				PRODUCT_NAME = "$(TARGET_NAME)";
			};
			name = Debug;
		};
		84A6B1641C32D2FF000ACAA5 /* Release */ = {
			isa = XCBuildConfiguration;
			buildSettings = {
				PRODUCT_NAME = "$(TARGET_NAME)";
			};
			name = Release;
		};
/* End XCBuildConfiguration section */

/* Begin XCConfigurationList section */
		84A6B1561C32D2FF000ACAA5 /* Build configuration list for PBXProject "AKStudy" */ = {
			isa = XCConfigurationList;
			buildConfigurations = (
				84A6B1601C32D2FF000ACAA5 /* Debug */,
				84A6B1611C32D2FF000ACAA5 /* Release */,
			);
			defaultConfigurationIsVisible = 0;
			defaultConfigurationName = Release;
		};
		84A6B1621C32D2FF000ACAA5 /* Build configuration list for PBXNativeTarget "AKStudy" */ = {
			isa = XCConfigurationList;
			buildConfigurations = (
				84A6B1631C32D2FF000ACAA5 /* Debug */,
				84A6B1641C32D2FF000ACAA5 /* Release */,
			);
			defaultConfigurationIsVisible = 0;
		};
/* End XCConfigurationList section */
	};
	rootObject = 84A6B1531C32D2FF000ACAA5 /* Project object */;
}
