// !$*UTF8*$!
{
	archiveVersion = 1;
	classes = {
	};
	objectVersion = 46;
	objects = {

/* Begin PBXBuildFile section */
		840162441C41A86A005C70F0 /* AKHumanTest.c in Sources */ = {isa = PBXBuildFile; fileRef = 840162421C41A86A005C70F0 /* AKHumanTest.c */; };
		840C06F71C40049300B70E34 /* AKHuman.c in Sources */ = {isa = PBXBuildFile; fileRef = 840C06F51C40049300B70E34 /* AKHuman.c */; };
		843594FF1C3C165600026980 /* AKValueBitOutput.c in Sources */ = {isa = PBXBuildFile; fileRef = 843594FD1C3C165600026980 /* AKValueBitOutput.c */; };
		843595041C3C170000026980 /* AKValueBitOutputTests.c in Sources */ = {isa = PBXBuildFile; fileRef = 843595021C3C170000026980 /* AKValueBitOutputTests.c */; };
		847016561C593324006F34B1 /* AKStringTest.c in Sources */ = {isa = PBXBuildFile; fileRef = 847016541C593324006F34B1 /* AKStringTest.c */; };
		8470165A1C596ECB006F34B1 /* AKArrayTest.c in Sources */ = {isa = PBXBuildFile; fileRef = 847016581C596ECB006F34B1 /* AKArrayTest.c */; };
		84A6B15F1C32D2FF000ACAA5 /* main.c in Sources */ = {isa = PBXBuildFile; fileRef = 84A6B15E1C32D2FF000ACAA5 /* main.c */; };
		84A6B16C1C32D454000ACAA5 /* AKMacroTests.c in Sources */ = {isa = PBXBuildFile; fileRef = 84A6B16A1C32D454000ACAA5 /* AKMacroTests.c */; };
		84A6B1701C32DC25000ACAA5 /* AKStruct.c in Sources */ = {isa = PBXBuildFile; fileRef = 84A6B16E1C32DC25000ACAA5 /* AKStruct.c */; };
		84A6B1781C32DCD2000ACAA5 /* AKStructTests.c in Sources */ = {isa = PBXBuildFile; fileRef = 84A6B1761C32DCD2000ACAA5 /* AKStructTests.c */; };
		84B1EA701C500311006E77EC /* AKObject.c in Sources */ = {isa = PBXBuildFile; fileRef = 84B1EA6E1C500311006E77EC /* AKObject.c */; };
		84BA0D1D1C526886001D9D68 /* AKString.c in Sources */ = {isa = PBXBuildFile; fileRef = 84BA0D1B1C526886001D9D68 /* AKString.c */; };
		84BBC57E1C65F6A2000B49CE /* AKLinkedList.c in Sources */ = {isa = PBXBuildFile; fileRef = 84BBC57C1C65F6A2000B49CE /* AKLinkedList.c */; };
		84C0151B1C568C4300C150BF /* AKArray.c in Sources */ = {isa = PBXBuildFile; fileRef = 84C015191C568C4300C150BF /* AKArray.c */; };
		84D6A98E1C6A3D0D008D95E6 /* AKNode.c in Sources */ = {isa = PBXBuildFile; fileRef = 84D6A98C1C6A3D0D008D95E6 /* AKNode.c */; };
		84D6A9921C6A464C008D95E6 /* AKNodeTest.c in Sources */ = {isa = PBXBuildFile; fileRef = 84D6A9901C6A464C008D95E6 /* AKNodeTest.c */; };
		84D6A9961C6A65A6008D95E6 /* AKLinkedListTest.c in Sources */ = {isa = PBXBuildFile; fileRef = 84D6A9941C6A65A6008D95E6 /* AKLinkedListTest.c */; };
		84FC481F1C6BC179001366EE /* AKEnumerator.c in Sources */ = {isa = PBXBuildFile; fileRef = 84FC481D1C6BC179001366EE /* AKEnumerator.c */; };
/* End PBXBuildFile section */

/* Begin PBXCopyFilesBuildPhase section */
		84A6B1591C32D2FF000ACAA5 /* CopyFiles */ = {
			isa = PBXCopyFilesBuildPhase;
			buildActionMask = 2147483647;
			dstPath = /usr/share/man/man1/;
			dstSubfolderSpec = 0;
			files = (
			);
			runOnlyForDeploymentPostprocessing = 1;
		};
/* End PBXCopyFilesBuildPhase section */

/* Begin PBXFileReference section */
		840162421C41A86A005C70F0 /* AKHumanTest.c */ = {isa = PBXFileReference; fileEncoding = 4; lastKnownFileType = sourcecode.c.c; path = AKHumanTest.c; sourceTree = "<group>"; };
		840162431C41A86A005C70F0 /* AKHumanTest.h */ = {isa = PBXFileReference; fileEncoding = 4; lastKnownFileType = sourcecode.c.h; path = AKHumanTest.h; sourceTree = "<group>"; };
		840C06F51C40049300B70E34 /* AKHuman.c */ = {isa = PBXFileReference; fileEncoding = 4; lastKnownFileType = sourcecode.c.c; path = AKHuman.c; sourceTree = "<group>"; };
		840C06F61C40049300B70E34 /* AKHuman.h */ = {isa = PBXFileReference; fileEncoding = 4; lastKnownFileType = sourcecode.c.h; path = AKHuman.h; sourceTree = "<group>"; };
		843594FD1C3C165600026980 /* AKValueBitOutput.c */ = {isa = PBXFileReference; fileEncoding = 4; lastKnownFileType = sourcecode.c.c; path = AKValueBitOutput.c; sourceTree = "<group>"; };
		843594FE1C3C165600026980 /* AKValueBitOutput.h */ = {isa = PBXFileReference; fileEncoding = 4; lastKnownFileType = sourcecode.c.h; path = AKValueBitOutput.h; sourceTree = "<group>"; };
		843595021C3C170000026980 /* AKValueBitOutputTests.c */ = {isa = PBXFileReference; fileEncoding = 4; lastKnownFileType = sourcecode.c.c; path = AKValueBitOutputTests.c; sourceTree = "<group>"; };
		843595031C3C170000026980 /* AKValueBitOutputTests.h */ = {isa = PBXFileReference; fileEncoding = 4; lastKnownFileType = sourcecode.c.h; path = AKValueBitOutputTests.h; sourceTree = "<group>"; };
		847016541C593324006F34B1 /* AKStringTest.c */ = {isa = PBXFileReference; fileEncoding = 4; lastKnownFileType = sourcecode.c.c; path = AKStringTest.c; sourceTree = "<group>"; };
		847016551C593324006F34B1 /* AKStringTest.h */ = {isa = PBXFileReference; fileEncoding = 4; lastKnownFileType = sourcecode.c.h; path = AKStringTest.h; sourceTree = "<group>"; };
		847016581C596ECB006F34B1 /* AKArrayTest.c */ = {isa = PBXFileReference; fileEncoding = 4; lastKnownFileType = sourcecode.c.c; path = AKArrayTest.c; sourceTree = "<group>"; };
		847016591C596ECB006F34B1 /* AKArrayTest.h */ = {isa = PBXFileReference; fileEncoding = 4; lastKnownFileType = sourcecode.c.h; path = AKArrayTest.h; sourceTree = "<group>"; };
		84A6B15B1C32D2FF000ACAA5 /* AKStudy */ = {isa = PBXFileReference; explicitFileType = "compiled.mach-o.executable"; includeInIndex = 0; path = AKStudy; sourceTree = BUILT_PRODUCTS_DIR; };
		84A6B15E1C32D2FF000ACAA5 /* main.c */ = {isa = PBXFileReference; lastKnownFileType = sourcecode.c.c; path = main.c; sourceTree = "<group>"; };
		84A6B1681C32D431000ACAA5 /* AKMacro.h */ = {isa = PBXFileReference; fileEncoding = 4; lastKnownFileType = sourcecode.c.h; path = AKMacro.h; sourceTree = "<group>"; };
		84A6B16A1C32D454000ACAA5 /* AKMacroTests.c */ = {isa = PBXFileReference; fileEncoding = 4; lastKnownFileType = sourcecode.c.c; path = AKMacroTests.c; sourceTree = "<group>"; };
		84A6B16B1C32D454000ACAA5 /* AKMacroTests.h */ = {isa = PBXFileReference; fileEncoding = 4; lastKnownFileType = sourcecode.c.h; path = AKMacroTests.h; sourceTree = "<group>"; };
		84A6B16E1C32DC25000ACAA5 /* AKStruct.c */ = {isa = PBXFileReference; fileEncoding = 4; lastKnownFileType = sourcecode.c.c; path = AKStruct.c; sourceTree = "<group>"; };
		84A6B16F1C32DC25000ACAA5 /* AKStruct.h */ = {isa = PBXFileReference; fileEncoding = 4; lastKnownFileType = sourcecode.c.h; path = AKStruct.h; sourceTree = "<group>"; };
		84A6B1761C32DCD2000ACAA5 /* AKStructTests.c */ = {isa = PBXFileReference; fileEncoding = 4; lastKnownFileType = sourcecode.c.c; path = AKStructTests.c; sourceTree = "<group>"; };
		84A6B1771C32DCD2000ACAA5 /* AKStructTests.h */ = {isa = PBXFileReference; fileEncoding = 4; lastKnownFileType = sourcecode.c.h; path = AKStructTests.h; sourceTree = "<group>"; };
		84B1EA6E1C500311006E77EC /* AKObject.c */ = {isa = PBXFileReference; fileEncoding = 4; lastKnownFileType = sourcecode.c.c; path = AKObject.c; sourceTree = "<group>"; };
		84B1EA6F1C500311006E77EC /* AKObject.h */ = {isa = PBXFileReference; fileEncoding = 4; lastKnownFileType = sourcecode.c.h; path = AKObject.h; sourceTree = "<group>"; };
		84BA0D1B1C526886001D9D68 /* AKString.c */ = {isa = PBXFileReference; fileEncoding = 4; lastKnownFileType = sourcecode.c.c; path = AKString.c; sourceTree = "<group>"; };
		84BA0D1C1C526886001D9D68 /* AKString.h */ = {isa = PBXFileReference; fileEncoding = 4; lastKnownFileType = sourcecode.c.h; path = AKString.h; sourceTree = "<group>"; };
		84BBC57C1C65F6A2000B49CE /* AKLinkedList.c */ = {isa = PBXFileReference; fileEncoding = 4; lastKnownFileType = sourcecode.c.c; path = AKLinkedList.c; sourceTree = "<group>"; };
		84BBC57D1C65F6A2000B49CE /* AKLinkedList.h */ = {isa = PBXFileReference; fileEncoding = 4; lastKnownFileType = sourcecode.c.h; path = AKLinkedList.h; sourceTree = "<group>"; };
		84C015191C568C4300C150BF /* AKArray.c */ = {isa = PBXFileReference; fileEncoding = 4; lastKnownFileType = sourcecode.c.c; path = AKArray.c; sourceTree = "<group>"; };
		84C0151A1C568C4300C150BF /* AKArray.h */ = {isa = PBXFileReference; fileEncoding = 4; lastKnownFileType = sourcecode.c.h; path = AKArray.h; sourceTree = "<group>"; };
		84D628341C6D307300562060 /* AKLinkedListPrivate.h */ = {isa = PBXFileReference; lastKnownFileType = sourcecode.c.h; path = AKLinkedListPrivate.h; sourceTree = "<group>"; };
		84D628351C6D319900562060 /* AKEnumeratorPrivate.h */ = {isa = PBXFileReference; fileEncoding = 4; lastKnownFileType = sourcecode.c.h; path = AKEnumeratorPrivate.h; sourceTree = "<group>"; };
		84D6A98C1C6A3D0D008D95E6 /* AKNode.c */ = {isa = PBXFileReference; fileEncoding = 4; lastKnownFileType = sourcecode.c.c; path = AKNode.c; sourceTree = "<group>"; };
		84D6A98D1C6A3D0D008D95E6 /* AKNode.h */ = {isa = PBXFileReference; fileEncoding = 4; lastKnownFileType = sourcecode.c.h; path = AKNode.h; sourceTree = "<group>"; };
		84D6A9901C6A464C008D95E6 /* AKNodeTest.c */ = {isa = PBXFileReference; fileEncoding = 4; lastKnownFileType = sourcecode.c.c; path = AKNodeTest.c; sourceTree = "<group>"; };
		84D6A9911C6A464C008D95E6 /* AKNodeTest.h */ = {isa = PBXFileReference; fileEncoding = 4; lastKnownFileType = sourcecode.c.h; path = AKNodeTest.h; sourceTree = "<group>"; };
		84D6A9941C6A65A6008D95E6 /* AKLinkedListTest.c */ = {isa = PBXFileReference; fileEncoding = 4; lastKnownFileType = sourcecode.c.c; path = AKLinkedListTest.c; sourceTree = "<group>"; };
		84D6A9951C6A65A6008D95E6 /* AKLinkedListTest.h */ = {isa = PBXFileReference; fileEncoding = 4; lastKnownFileType = sourcecode.c.h; path = AKLinkedListTest.h; sourceTree = "<group>"; };
		84FC481D1C6BC179001366EE /* AKEnumerator.c */ = {isa = PBXFileReference; fileEncoding = 4; lastKnownFileType = sourcecode.c.c; path = AKEnumerator.c; sourceTree = "<group>"; };
		84FC481E1C6BC179001366EE /* AKEnumerator.h */ = {isa = PBXFileReference; fileEncoding = 4; lastKnownFileType = sourcecode.c.h; path = AKEnumerator.h; sourceTree = "<group>"; };
/* End PBXFileReference section */

/* Begin PBXFrameworksBuildPhase section */
		84A6B1581C32D2FF000ACAA5 /* Frameworks */ = {
			isa = PBXFrameworksBuildPhase;
			buildActionMask = 2147483647;
			files = (
			);
			runOnlyForDeploymentPostprocessing = 0;
		};
/* End PBXFrameworksBuildPhase section */

/* Begin PBXGroup section */
		840162411C41A85A005C70F0 /* AKHumanTest */ = {
			isa = PBXGroup;
			children = (
				840162421C41A86A005C70F0 /* AKHumanTest.c */,
				840162431C41A86A005C70F0 /* AKHumanTest.h */,
			);
			path = AKHumanTest;
			sourceTree = "<group>";
		};
		840C06F41C40048200B70E34 /* AKHuman */ = {
			isa = PBXGroup;
			children = (
				840C06F51C40049300B70E34 /* AKHuman.c */,
				840C06F61C40049300B70E34 /* AKHuman.h */,
			);
			path = AKHuman;
			sourceTree = "<group>";
		};
		843594FC1C3C164600026980 /* AKValueBitOutput */ = {
			isa = PBXGroup;
			children = (
				843594FD1C3C165600026980 /* AKValueBitOutput.c */,
				843594FE1C3C165600026980 /* AKValueBitOutput.h */,
			);
			path = AKValueBitOutput;
			sourceTree = "<group>";
		};
		843595011C3C16EE00026980 /* AKValueBitOutputTests */ = {
			isa = PBXGroup;
			children = (
				843595021C3C170000026980 /* AKValueBitOutputTests.c */,
				843595031C3C170000026980 /* AKValueBitOutputTests.h */,
			);
			path = AKValueBitOutputTests;
			sourceTree = "<group>";
		};
		847016531C593313006F34B1 /* AKStringTest */ = {
			isa = PBXGroup;
			children = (
				847016541C593324006F34B1 /* AKStringTest.c */,
				847016551C593324006F34B1 /* AKStringTest.h */,
			);
			path = AKStringTest;
			sourceTree = "<group>";
		};
		847016571C596EBE006F34B1 /* AKArrayTest */ = {
			isa = PBXGroup;
			children = (
				847016581C596ECB006F34B1 /* AKArrayTest.c */,
				847016591C596ECB006F34B1 /* AKArrayTest.h */,
			);
			path = AKArrayTest;
			sourceTree = "<group>";
		};
		84A6B1521C32D2FF000ACAA5 = {
			isa = PBXGroup;
			children = (
				84A6B15D1C32D2FF000ACAA5 /* AKStudy */,
				84A6B15C1C32D2FF000ACAA5 /* Products */,
			);
			sourceTree = "<group>";
		};
		84A6B15C1C32D2FF000ACAA5 /* Products */ = {
			isa = PBXGroup;
			children = (
				84A6B15B1C32D2FF000ACAA5 /* AKStudy */,
			);
			name = Products;
			sourceTree = "<group>";
		};
		84A6B15D1C32D2FF000ACAA5 /* AKStudy */ = {
			isa = PBXGroup;
			children = (
				84A6B1661C32D3B6000ACAA5 /* Tests */,
				84A6B1651C32D3AB000ACAA5 /* Source */,
				84A6B15E1C32D2FF000ACAA5 /* main.c */,
			);
			path = AKStudy;
			sourceTree = "<group>";
		};
		84A6B1651C32D3AB000ACAA5 /* Source */ = {
			isa = PBXGroup;
			children = (
				84FC481C1C6BC168001366EE /* AKEnumerator */,
				84D6A98B1C6A3CFF008D95E6 /* AKNode */,
				84BBC57B1C65F692000B49CE /* AKLinkedList */,
				84C015181C568C3300C150BF /* AKArray */,
				84BA0D1A1C526874001D9D68 /* AKString */,
				84B1EA6D1C500304006E77EC /* AKObject */,
				840C06F41C40048200B70E34 /* AKHuman */,
				843594FC1C3C164600026980 /* AKValueBitOutput */,
				84A6B16D1C32DC0A000ACAA5 /* AKStruct */,
				84A6B1671C32D3CA000ACAA5 /* AKMacro */,
			);
			path = Source;
			sourceTree = "<group>";
		};
		84A6B1661C32D3B6000ACAA5 /* Tests */ = {
			isa = PBXGroup;
			children = (
				84D6A9931C6A6593008D95E6 /* AKLinkedListTest */,
				84D6A98F1C6A463F008D95E6 /* AKNodeTest */,
				847016571C596EBE006F34B1 /* AKArrayTest */,
				847016531C593313006F34B1 /* AKStringTest */,
				840162411C41A85A005C70F0 /* AKHumanTest */,
				843595011C3C16EE00026980 /* AKValueBitOutputTests */,
				84A6B1751C32DCD2000ACAA5 /* AKStructTests */,
				84A6B1691C32D445000ACAA5 /* AKMacroTests */,
			);
			path = Tests;
			sourceTree = "<group>";
		};
		84A6B1671C32D3CA000ACAA5 /* AKMacro */ = {
			isa = PBXGroup;
			children = (
				84A6B1681C32D431000ACAA5 /* AKMacro.h */,
			);
			path = AKMacro;
			sourceTree = "<group>";
		};
		84A6B1691C32D445000ACAA5 /* AKMacroTests */ = {
			isa = PBXGroup;
			children = (
				84A6B16A1C32D454000ACAA5 /* AKMacroTests.c */,
				84A6B16B1C32D454000ACAA5 /* AKMacroTests.h */,
			);
			path = AKMacroTests;
			sourceTree = "<group>";
		};
		84A6B16D1C32DC0A000ACAA5 /* AKStruct */ = {
			isa = PBXGroup;
			children = (
				84A6B16E1C32DC25000ACAA5 /* AKStruct.c */,
				84A6B16F1C32DC25000ACAA5 /* AKStruct.h */,
			);
			path = AKStruct;
			sourceTree = "<group>";
		};
		84A6B1751C32DCD2000ACAA5 /* AKStructTests */ = {
			isa = PBXGroup;
			children = (
				84A6B1761C32DCD2000ACAA5 /* AKStructTests.c */,
				84A6B1771C32DCD2000ACAA5 /* AKStructTests.h */,
			);
			path = AKStructTests;
			sourceTree = "<group>";
		};
		84B1EA6D1C500304006E77EC /* AKObject */ = {
			isa = PBXGroup;
			children = (
				84B1EA6E1C500311006E77EC /* AKObject.c */,
				84B1EA6F1C500311006E77EC /* AKObject.h */,
			);
			path = AKObject;
			sourceTree = "<group>";
		};
		84BA0D1A1C526874001D9D68 /* AKString */ = {
			isa = PBXGroup;
			children = (
				84BA0D1B1C526886001D9D68 /* AKString.c */,
				84BA0D1C1C526886001D9D68 /* AKString.h */,
			);
			path = AKString;
			sourceTree = "<group>";
		};
		84BBC57B1C65F692000B49CE /* AKLinkedList */ = {
			isa = PBXGroup;
			children = (
				84BBC57C1C65F6A2000B49CE /* AKLinkedList.c */,
				84BBC57D1C65F6A2000B49CE /* AKLinkedList.h */,
				84D628341C6D307300562060 /* AKLinkedListPrivate.h */,
			);
			path = AKLinkedList;
			sourceTree = "<group>";
		};
		84C015181C568C3300C150BF /* AKArray */ = {
			isa = PBXGroup;
			children = (
				84C015191C568C4300C150BF /* AKArray.c */,
				84C0151A1C568C4300C150BF /* AKArray.h */,
			);
			path = AKArray;
			sourceTree = "<group>";
		};
		84D6A98B1C6A3CFF008D95E6 /* AKNode */ = {
			isa = PBXGroup;
			children = (
				84D6A98C1C6A3D0D008D95E6 /* AKNode.c */,
				84D6A98D1C6A3D0D008D95E6 /* AKNode.h */,
			);
			path = AKNode;
			sourceTree = "<group>";
		};
		84D6A98F1C6A463F008D95E6 /* AKNodeTest */ = {
			isa = PBXGroup;
			children = (
				84D6A9901C6A464C008D95E6 /* AKNodeTest.c */,
				84D6A9911C6A464C008D95E6 /* AKNodeTest.h */,
			);
			path = AKNodeTest;
			sourceTree = "<group>";
		};
		84D6A9931C6A6593008D95E6 /* AKLinkedListTest */ = {
			isa = PBXGroup;
			children = (
				84D6A9941C6A65A6008D95E6 /* AKLinkedListTest.c */,
				84D6A9951C6A65A6008D95E6 /* AKLinkedListTest.h */,
			);
			path = AKLinkedListTest;
			sourceTree = "<group>";
		};
		84FC481C1C6BC168001366EE /* AKEnumerator */ = {
			isa = PBXGroup;
			children = (
				84FC481D1C6BC179001366EE /* AKEnumerator.c */,
				84FC481E1C6BC179001366EE /* AKEnumerator.h */,
				84D628351C6D319900562060 /* AKEnumeratorPrivate.h */,
			);
			path = AKEnumerator;
			sourceTree = "<group>";
		};
/* End PBXGroup section */

/* Begin PBXNativeTarget section */
		84A6B15A1C32D2FF000ACAA5 /* AKStudy */ = {
			isa = PBXNativeTarget;
			buildConfigurationList = 84A6B1621C32D2FF000ACAA5 /* Build configuration list for PBXNativeTarget "AKStudy" */;
			buildPhases = (
				84A6B1571C32D2FF000ACAA5 /* Sources */,
				84A6B1581C32D2FF000ACAA5 /* Frameworks */,
				84A6B1591C32D2FF000ACAA5 /* CopyFiles */,
			);
			buildRules = (
			);
			dependencies = (
			);
			name = AKStudy;
			productName = AKStudy;
			productReference = 84A6B15B1C32D2FF000ACAA5 /* AKStudy */;
			productType = "com.apple.product-type.tool";
		};
/* End PBXNativeTarget section */

/* Begin PBXProject section */
		84A6B1531C32D2FF000ACAA5 /* Project object */ = {
			isa = PBXProject;
			attributes = {
				LastUpgradeCheck = 0720;
				ORGANIZATIONNAME = Admin;
				TargetAttributes = {
					84A6B15A1C32D2FF000ACAA5 = {
						CreatedOnToolsVersion = 7.2;
					};
				};
			};
			buildConfigurationList = 84A6B1561C32D2FF000ACAA5 /* Build configuration list for PBXProject "AKStudy" */;
			compatibilityVersion = "Xcode 3.2";
			developmentRegion = English;
			hasScannedForEncodings = 0;
			knownRegions = (
				en,
			);
			mainGroup = 84A6B1521C32D2FF000ACAA5;
			productRefGroup = 84A6B15C1C32D2FF000ACAA5 /* Products */;
			projectDirPath = "";
			projectRoot = "";
			targets = (
				84A6B15A1C32D2FF000ACAA5 /* AKStudy */,
			);
		};
/* End PBXProject section */

/* Begin PBXSourcesBuildPhase section */
		84A6B1571C32D2FF000ACAA5 /* Sources */ = {
			isa = PBXSourcesBuildPhase;
			buildActionMask = 2147483647;
			files = (
				84A6B1781C32DCD2000ACAA5 /* AKStructTests.c in Sources */,
				84FC481F1C6BC179001366EE /* AKEnumerator.c in Sources */,
				840C06F71C40049300B70E34 /* AKHuman.c in Sources */,
				847016561C593324006F34B1 /* AKStringTest.c in Sources */,
				84A6B1701C32DC25000ACAA5 /* AKStruct.c in Sources */,
				840162441C41A86A005C70F0 /* AKHumanTest.c in Sources */,
				84BA0D1D1C526886001D9D68 /* AKString.c in Sources */,
				84BBC57E1C65F6A2000B49CE /* AKLinkedList.c in Sources */,
				8470165A1C596ECB006F34B1 /* AKArrayTest.c in Sources */,
				84A6B16C1C32D454000ACAA5 /* AKMacroTests.c in Sources */,
				843594FF1C3C165600026980 /* AKValueBitOutput.c in Sources */,
				84C0151B1C568C4300C150BF /* AKArray.c in Sources */,
				843595041C3C170000026980 /* AKValueBitOutputTests.c in Sources */,
				84A6B15F1C32D2FF000ACAA5 /* main.c in Sources */,
				84B1EA701C500311006E77EC /* AKObject.c in Sources */,
				84D6A98E1C6A3D0D008D95E6 /* AKNode.c in Sources */,
				84D6A9921C6A464C008D95E6 /* AKNodeTest.c in Sources */,
				84D6A9961C6A65A6008D95E6 /* AKLinkedListTest.c in Sources */,
			);
			runOnlyForDeploymentPostprocessing = 0;
		};
/* End PBXSourcesBuildPhase section */

/* Begin XCBuildConfiguration section */
		84A6B1601C32D2FF000ACAA5 /* Debug */ = {
			isa = XCBuildConfiguration;
			buildSettings = {
				ALWAYS_SEARCH_USER_PATHS = NO;
				CLANG_CXX_LANGUAGE_STANDARD = "gnu++0x";
				CLANG_CXX_LIBRARY = "libc++";
				CLANG_ENABLE_MODULES = YES;
				CLANG_ENABLE_OBJC_ARC = YES;
				CLANG_WARN_BOOL_CONVERSION = YES;
				CLANG_WARN_CONSTANT_CONVERSION = YES;
				CLANG_WARN_DIRECT_OBJC_ISA_USAGE = YES_ERROR;
				CLANG_WARN_EMPTY_BODY = YES;
				CLANG_WARN_ENUM_CONVERSION = YES;
				CLANG_WARN_INT_CONVERSION = YES;
				CLANG_WARN_OBJC_ROOT_CLASS = YES_ERROR;
				CLANG_WARN_UNREACHABLE_CODE = YES;
				CLANG_WARN__DUPLICATE_METHOD_MATCH = YES;
				CODE_SIGN_IDENTITY = "-";
				COPY_PHASE_STRIP = NO;
				DEBUG_INFORMATION_FORMAT = dwarf;
				ENABLE_STRICT_OBJC_MSGSEND = YES;
				ENABLE_TESTABILITY = YES;
				GCC_C_LANGUAGE_STANDARD = gnu99;
				GCC_DYNAMIC_NO_PIC = NO;
				GCC_NO_COMMON_BLOCKS = YES;
				GCC_OPTIMIZATION_LEVEL = 0;
				GCC_PREPROCESSOR_DEFINITIONS = (
					"DEBUG=1",
					"$(inherited)",
				);
				GCC_WARN_64_TO_32_BIT_CONVERSION = YES;
				GCC_WARN_ABOUT_RETURN_TYPE = YES_ERROR;
				GCC_WARN_UNDECLARED_SELECTOR = YES;
				GCC_WARN_UNINITIALIZED_AUTOS = YES_AGGRESSIVE;
				GCC_WARN_UNUSED_FUNCTION = YES;
				GCC_WARN_UNUSED_VARIABLE = YES;
				MACOSX_DEPLOYMENT_TARGET = 10.11;
				MTL_ENABLE_DEBUG_INFO = YES;
				ONLY_ACTIVE_ARCH = YES;
				SDKROOT = macosx;
			};
			name = Debug;
		};
		84A6B1611C32D2FF000ACAA5 /* Release */ = {
			isa = XCBuildConfiguration;
			buildSettings = {
				ALWAYS_SEARCH_USER_PATHS = NO;
				CLANG_CXX_LANGUAGE_STANDARD = "gnu++0x";
				CLANG_CXX_LIBRARY = "libc++";
				CLANG_ENABLE_MODULES = YES;
				CLANG_ENABLE_OBJC_ARC = YES;
				CLANG_WARN_BOOL_CONVERSION = YES;
				CLANG_WARN_CONSTANT_CONVERSION = YES;
				CLANG_WARN_DIRECT_OBJC_ISA_USAGE = YES_ERROR;
				CLANG_WARN_EMPTY_BODY = YES;
				CLANG_WARN_ENUM_CONVERSION = YES;
				CLANG_WARN_INT_CONVERSION = YES;
				CLANG_WARN_OBJC_ROOT_CLASS = YES_ERROR;
				CLANG_WARN_UNREACHABLE_CODE = YES;
				CLANG_WARN__DUPLICATE_METHOD_MATCH = YES;
				CODE_SIGN_IDENTITY = "-";
				COPY_PHASE_STRIP = NO;
				DEBUG_INFORMATION_FORMAT = "dwarf-with-dsym";
				ENABLE_NS_ASSERTIONS = NO;
				ENABLE_STRICT_OBJC_MSGSEND = YES;
				GCC_C_LANGUAGE_STANDARD = gnu99;
				GCC_NO_COMMON_BLOCKS = YES;
				GCC_WARN_64_TO_32_BIT_CONVERSION = YES;
				GCC_WARN_ABOUT_RETURN_TYPE = YES_ERROR;
				GCC_WARN_UNDECLARED_SELECTOR = YES;
				GCC_WARN_UNINITIALIZED_AUTOS = YES_AGGRESSIVE;
				GCC_WARN_UNUSED_FUNCTION = YES;
				GCC_WARN_UNUSED_VARIABLE = YES;
				MACOSX_DEPLOYMENT_TARGET = 10.11;
				MTL_ENABLE_DEBUG_INFO = NO;
				SDKROOT = macosx;
			};
			name = Release;
		};
		84A6B1631C32D2FF000ACAA5 /* Debug */ = {
			isa = XCBuildConfiguration;
			buildSettings = {
				MACOSX_DEPLOYMENT_TARGET = 10.10;
				PRODUCT_NAME = "$(TARGET_NAME)";
			};
			name = Debug;
		};
		84A6B1641C32D2FF000ACAA5 /* Release */ = {
			isa = XCBuildConfiguration;
			buildSettings = {
				MACOSX_DEPLOYMENT_TARGET = 10.10;
				PRODUCT_NAME = "$(TARGET_NAME)";
			};
			name = Release;
		};
/* End XCBuildConfiguration section */

/* Begin XCConfigurationList section */
		84A6B1561C32D2FF000ACAA5 /* Build configuration list for PBXProject "AKStudy" */ = {
			isa = XCConfigurationList;
			buildConfigurations = (
				84A6B1601C32D2FF000ACAA5 /* Debug */,
				84A6B1611C32D2FF000ACAA5 /* Release */,
			);
			defaultConfigurationIsVisible = 0;
			defaultConfigurationName = Release;
		};
		84A6B1621C32D2FF000ACAA5 /* Build configuration list for PBXNativeTarget "AKStudy" */ = {
			isa = XCConfigurationList;
			buildConfigurations = (
				84A6B1631C32D2FF000ACAA5 /* Debug */,
				84A6B1641C32D2FF000ACAA5 /* Release */,
			);
			defaultConfigurationIsVisible = 0;
			defaultConfigurationName = Release;
		};
/* End XCConfigurationList section */
	};
	rootObject = 84A6B1531C32D2FF000ACAA5 /* Project object */;
}
