// !$*UTF8*$!
{
	archiveVersion = 1;
	classes = {
	};
	objectVersion = 46;
	objects = {

/* Begin PBXBuildFile section */
		8402EEE91C7B76820004E6DC /* AKCreatureFemale.m in Sources */ = {isa = PBXBuildFile; fileRef = 8402EEE81C7B76820004E6DC /* AKCreatureFemale.m */; };
		8402EEED1C7B768D0004E6DC /* AKCreatureMale.m in Sources */ = {isa = PBXBuildFile; fileRef = 8402EEEC1C7B768D0004E6DC /* AKCreatureMale.m */; };
		8418E57F1CBE76D800141D27 /* AKObserverDictionary.m in Sources */ = {isa = PBXBuildFile; fileRef = 8418E57E1CBE76D800141D27 /* AKObserverDictionary.m */; };
		8418E5831CBE76E400141D27 /* AKObserverArray.m in Sources */ = {isa = PBXBuildFile; fileRef = 8418E5821CBE76E400141D27 /* AKObserverArray.m */; };
		8418E5841CBE76E400141D27 /* AKObserverArray.m in Sources */ = {isa = PBXBuildFile; fileRef = 8418E5821CBE76E400141D27 /* AKObserverArray.m */; };
		8418E5871CBE76F400141D27 /* AKObserverObject.m in Sources */ = {isa = PBXBuildFile; fileRef = 8418E5861CBE76F400141D27 /* AKObserverObject.m */; settings = {COMPILER_FLAGS = "-fobjc-arc"; }; };
		8418E5881CBE76F400141D27 /* AKObserverObject.m in Sources */ = {isa = PBXBuildFile; fileRef = 8418E5861CBE76F400141D27 /* AKObserverObject.m */; };
		841B3A231CF6394E005E972E /* AKImageModel.m in Sources */ = {isa = PBXBuildFile; fileRef = 841B3A221CF6394E005E972E /* AKImageModel.m */; };
		841B3A2D1CF6508B005E972E /* AKLoadingView.xib in Resources */ = {isa = PBXBuildFile; fileRef = 841B3A2C1CF6508B005E972E /* AKLoadingView.xib */; };
		841B3A311CF65508005E972E /* AKImageView.m in Sources */ = {isa = PBXBuildFile; fileRef = 841B3A301CF65508005E972E /* AKImageView.m */; };
		8447B2AA1CF488E9003DCE14 /* AKModel.m in Sources */ = {isa = PBXBuildFile; fileRef = 8447B2A91CF488E9003DCE14 /* AKModel.m */; };
		846C01061CEE5D2500EBC949 /* AKViewModel.m in Sources */ = {isa = PBXBuildFile; fileRef = 846C01051CEE5D2500EBC949 /* AKViewModel.m */; };
		846C010A1CEE5D5E00EBC949 /* AKLoadingView.m in Sources */ = {isa = PBXBuildFile; fileRef = 846C01091CEE5D5E00EBC949 /* AKLoadingView.m */; };
		847692131C762984008682D4 /* main.c in Sources */ = {isa = PBXBuildFile; fileRef = 847691D91C762984008682D4 /* main.c */; };
		847692141C762984008682D4 /* AKArray.c in Sources */ = {isa = PBXBuildFile; fileRef = 847691DC1C762984008682D4 /* AKArray.c */; };
		847692151C762984008682D4 /* AKEnumerator.c in Sources */ = {isa = PBXBuildFile; fileRef = 847691DF1C762984008682D4 /* AKEnumerator.c */; };
		847692161C762984008682D4 /* AKHuman.c in Sources */ = {isa = PBXBuildFile; fileRef = 847691E31C762984008682D4 /* AKHuman.c */; };
		847692171C762984008682D4 /* AKLinkedList.c in Sources */ = {isa = PBXBuildFile; fileRef = 847691E61C762984008682D4 /* AKLinkedList.c */; };
		847692181C762984008682D4 /* AKNode.c in Sources */ = {isa = PBXBuildFile; fileRef = 847691EC1C762984008682D4 /* AKNode.c */; };
		847692191C762984008682D4 /* AKObject.c in Sources */ = {isa = PBXBuildFile; fileRef = 847691EF1C762984008682D4 /* AKObject.c */; };
		8476921A1C762984008682D4 /* AKString.c in Sources */ = {isa = PBXBuildFile; fileRef = 847691F21C762984008682D4 /* AKString.c */; };
		8476921B1C762984008682D4 /* AKStruct.c in Sources */ = {isa = PBXBuildFile; fileRef = 847691F51C762984008682D4 /* AKStruct.c */; };
		8476921C1C762984008682D4 /* AKValueBitOutput.c in Sources */ = {isa = PBXBuildFile; fileRef = 847691F81C762984008682D4 /* AKValueBitOutput.c */; };
		8476921D1C762984008682D4 /* AKArrayTest.c in Sources */ = {isa = PBXBuildFile; fileRef = 847691FC1C762984008682D4 /* AKArrayTest.c */; };
		8476921E1C762984008682D4 /* AKHumanTest.c in Sources */ = {isa = PBXBuildFile; fileRef = 847691FF1C762984008682D4 /* AKHumanTest.c */; };
		8476921F1C762984008682D4 /* AKLinkedListTest.c in Sources */ = {isa = PBXBuildFile; fileRef = 847692021C762984008682D4 /* AKLinkedListTest.c */; };
		847692201C762984008682D4 /* AKMacroTests.c in Sources */ = {isa = PBXBuildFile; fileRef = 847692051C762984008682D4 /* AKMacroTests.c */; };
		847692211C762984008682D4 /* AKNodeTest.c in Sources */ = {isa = PBXBuildFile; fileRef = 847692081C762984008682D4 /* AKNodeTest.c */; };
		847692221C762984008682D4 /* AKStringTest.c in Sources */ = {isa = PBXBuildFile; fileRef = 8476920B1C762984008682D4 /* AKStringTest.c */; };
		847692231C762984008682D4 /* AKStructTests.c in Sources */ = {isa = PBXBuildFile; fileRef = 8476920E1C762984008682D4 /* AKStructTests.c */; };
		847692241C762984008682D4 /* AKValueBitOutputTests.c in Sources */ = {isa = PBXBuildFile; fileRef = 847692111C762984008682D4 /* AKValueBitOutputTests.c */; };
		847A81371C77ADB9004110B2 /* AKCreature.m in Sources */ = {isa = PBXBuildFile; fileRef = 847A81361C77ADB9004110B2 /* AKCreature.m */; };
		847A813E1C77C195004110B2 /* AKCreatureTest.m in Sources */ = {isa = PBXBuildFile; fileRef = 847A813D1C77C195004110B2 /* AKCreatureTest.m */; };
		849F02DE1CEA5CC000BBDC8E /* AKStateModel.m in Sources */ = {isa = PBXBuildFile; fileRef = 849F02DD1CEA5CC000BBDC8E /* AKStateModel.m */; };
		849F02DF1CEA781E00BBDC8E /* AKObserver.m in Sources */ = {isa = PBXBuildFile; fileRef = 84C406BF1C986539002000DE /* AKObserver.m */; settings = {COMPILER_FLAGS = "-fno-objc-arc"; }; };
		849F02E01CEA782700BBDC8E /* AKObserverDictionary.m in Sources */ = {isa = PBXBuildFile; fileRef = 8418E57E1CBE76D800141D27 /* AKObserverDictionary.m */; settings = {COMPILER_FLAGS = "-fno-objc-arc"; }; };
		849F02E11CEA782900BBDC8E /* AKObserverArray.m in Sources */ = {isa = PBXBuildFile; fileRef = 8418E5821CBE76E400141D27 /* AKObserverArray.m */; settings = {COMPILER_FLAGS = "-fno-objc-arc"; }; };
		849F02E21CEA782C00BBDC8E /* AKObserverObject.m in Sources */ = {isa = PBXBuildFile; fileRef = 8418E5861CBE76F400141D27 /* AKObserverObject.m */; };
		84AA394D1CB11D6B004DF487 /* AKQueue.m in Sources */ = {isa = PBXBuildFile; fileRef = 84AA394C1CB11D6B004DF487 /* AKQueue.m */; };
		84AA394E1CB11D6B004DF487 /* AKQueue.m in Sources */ = {isa = PBXBuildFile; fileRef = 84AA394C1CB11D6B004DF487 /* AKQueue.m */; };
		84AFB1A71C8AD0A3001795AE /* NSObject+AKExtensions.m in Sources */ = {isa = PBXBuildFile; fileRef = 84B14F621C7F51E4003B4B17 /* NSObject+AKExtensions.m */; };
		84B14F631C7F51E4003B4B17 /* NSObject+AKExtensions.m in Sources */ = {isa = PBXBuildFile; fileRef = 84B14F621C7F51E4003B4B17 /* NSObject+AKExtensions.m */; };
		84B616791CB6CD120048C92A /* AKDispatcher.m in Sources */ = {isa = PBXBuildFile; fileRef = 84B616781CB6CD120048C92A /* AKDispatcher.m */; };
		84B6167A1CB6CD120048C92A /* AKDispatcher.m in Sources */ = {isa = PBXBuildFile; fileRef = 84B616781CB6CD120048C92A /* AKDispatcher.m */; };
		84B677941C86E3500042FC86 /* TestAKStudy.m in Sources */ = {isa = PBXBuildFile; fileRef = 84B677931C86E3500042FC86 /* TestAKStudy.m */; };
		84B677991C86E3770042FC86 /* AKCreature.m in Sources */ = {isa = PBXBuildFile; fileRef = 847A81361C77ADB9004110B2 /* AKCreature.m */; };
		84B95DEB1CE0CF5500BAA556 /* CGGeometry+AKCategory.m in Sources */ = {isa = PBXBuildFile; fileRef = 84B95DB81CE0CF5500BAA556 /* CGGeometry+AKCategory.m */; };
		84B95DEC1CE0CF5500BAA556 /* UITableView+AKCategory.m in Sources */ = {isa = PBXBuildFile; fileRef = 84B95DBB1CE0CF5500BAA556 /* UITableView+AKCategory.m */; };
		84B95DED1CE0CF5500BAA556 /* UIViewController+AKCategory.m in Sources */ = {isa = PBXBuildFile; fileRef = 84B95DBE1CE0CF5500BAA556 /* UIViewController+AKCategory.m */; };
		84B95DEE1CE0CF5500BAA556 /* UIWindow+AKCategory.m in Sources */ = {isa = PBXBuildFile; fileRef = 84B95DC11CE0CF5500BAA556 /* UIWindow+AKCategory.m */; };
		84B95DF11CE0CF5500BAA556 /* AKLabelView.m in Sources */ = {isa = PBXBuildFile; fileRef = 84B95DCF1CE0CF5500BAA556 /* AKLabelView.m */; };
		84B95DF21CE0CF5500BAA556 /* AKLabelViewController.m in Sources */ = {isa = PBXBuildFile; fileRef = 84B95DD11CE0CF5500BAA556 /* AKLabelViewController.m */; };
		84B95DF31CE0CF5500BAA556 /* AKLabelViewController.xib in Resources */ = {isa = PBXBuildFile; fileRef = 84B95DD21CE0CF5500BAA556 /* AKLabelViewController.xib */; };
		84B95DF41CE0CF5500BAA556 /* AKUserView.m in Sources */ = {isa = PBXBuildFile; fileRef = 84B95DD61CE0CF5500BAA556 /* AKUserView.m */; };
		84B95DF51CE0CF5500BAA556 /* AKUserViewCell.m in Sources */ = {isa = PBXBuildFile; fileRef = 84B95DD91CE0CF5500BAA556 /* AKUserViewCell.m */; };
		84B95DF61CE0CF5500BAA556 /* AKUserViewCell.xib in Resources */ = {isa = PBXBuildFile; fileRef = 84B95DDA1CE0CF5500BAA556 /* AKUserViewCell.xib */; };
		84B95DF71CE0CF5500BAA556 /* AKUserViewController.m in Sources */ = {isa = PBXBuildFile; fileRef = 84B95DDC1CE0CF5500BAA556 /* AKUserViewController.m */; };
		84B95DF81CE0CF5500BAA556 /* AKUserViewController.xib in Resources */ = {isa = PBXBuildFile; fileRef = 84B95DDD1CE0CF5500BAA556 /* AKUserViewController.xib */; };
		84B95DF91CE0CF5500BAA556 /* AKAppDelegate.m in Sources */ = {isa = PBXBuildFile; fileRef = 84B95DE11CE0CF5500BAA556 /* AKAppDelegate.m */; };
		84B95DFA1CE0CF5500BAA556 /* Assets.xcassets in Resources */ = {isa = PBXBuildFile; fileRef = 84B95DE31CE0CF5500BAA556 /* Assets.xcassets */; };
		84B95DFB1CE0CF5500BAA556 /* LaunchScreen.storyboard in Resources */ = {isa = PBXBuildFile; fileRef = 84B95DE41CE0CF5500BAA556 /* LaunchScreen.storyboard */; };
		84B95DFC1CE0CF5500BAA556 /* Main.storyboard in Resources */ = {isa = PBXBuildFile; fileRef = 84B95DE61CE0CF5500BAA556 /* Main.storyboard */; };
		84B95DFE1CE0CF5500BAA556 /* main.m in Sources */ = {isa = PBXBuildFile; fileRef = 84B95DEA1CE0CF5500BAA556 /* main.m */; };
		84B95E061CE0D03F00BAA556 /* AKArrayModel.m in Sources */ = {isa = PBXBuildFile; fileRef = 84B95E021CE0D03F00BAA556 /* AKArrayModel.m */; };
		84B95E071CE0D03F00BAA556 /* AKStringModel.m in Sources */ = {isa = PBXBuildFile; fileRef = 84B95E051CE0D03F00BAA556 /* AKStringModel.m */; };
		84B95E0C1CE0ED8400BAA556 /* UINib+AKCategory.m in Sources */ = {isa = PBXBuildFile; fileRef = 84B95E0B1CE0ED8400BAA556 /* UINib+AKCategory.m */; };
		84C406C01C986539002000DE /* AKObserver.m in Sources */ = {isa = PBXBuildFile; fileRef = 84C406BF1C986539002000DE /* AKObserver.m */; };
		84C6F4961CF238EF00CD045C /* AKArrayManager.m in Sources */ = {isa = PBXBuildFile; fileRef = 84C6F4951CF238EF00CD045C /* AKArrayManager.m */; };
		84C956AC1CC575E30026BCC5 /* AKDispatch.m in Sources */ = {isa = PBXBuildFile; fileRef = 84C956AB1CC575E30026BCC5 /* AKDispatch.m */; };
		84D7DB001CEDFD630082B5AC /* AKDispatch.m in Sources */ = {isa = PBXBuildFile; fileRef = 84C956AB1CC575E30026BCC5 /* AKDispatch.m */; settings = {COMPILER_FLAGS = "-fno-objc-arc"; }; };
		84D7DB041CEE42910082B5AC /* NSBundle+AKCategory.m in Sources */ = {isa = PBXBuildFile; fileRef = 84D7DB031CEE42910082B5AC /* NSBundle+AKCategory.m */; };
		84E1BB981C7CCE9900EC8FB1 /* main.m in Sources */ = {isa = PBXBuildFile; fileRef = 847691D31C762922008682D4 /* main.m */; };
		84E869AF1CDB7D7800D0E13C /* NSString+AKExtensions.m in Sources */ = {isa = PBXBuildFile; fileRef = 84B14F681C7FAD8E003B4B17 /* NSString+AKExtensions.m */; settings = {COMPILER_FLAGS = "-fno-objc-arc"; }; };
		84E869B01CDB7E9D00D0E13C /* AKAlphabet.m in Sources */ = {isa = PBXBuildFile; fileRef = 84FB41151C84E07E00AB4C4C /* AKAlphabet.m */; settings = {COMPILER_FLAGS = "-fno-objc-arc"; }; };
		84E869B11CDB7ED600D0E13C /* AKRangeAlphabet.m in Sources */ = {isa = PBXBuildFile; fileRef = 84FB41191C84E29B00AB4C4C /* AKRangeAlphabet.m */; settings = {COMPILER_FLAGS = "-fno-objc-arc"; }; };
		84E869B21CDB7ED600D0E13C /* AKStringAlphabet.m in Sources */ = {isa = PBXBuildFile; fileRef = 84FB411D1C84E3B400AB4C4C /* AKStringAlphabet.m */; settings = {COMPILER_FLAGS = "-fno-objc-arc"; }; };
		84E869B31CDB7ED600D0E13C /* AKClusterAlphabet.m in Sources */ = {isa = PBXBuildFile; fileRef = 84FB41211C84E3C900AB4C4C /* AKClusterAlphabet.m */; settings = {COMPILER_FLAGS = "-fno-objc-arc"; }; };
		84F708E71CADA49A00CBBFF7 /* AKCar.m in Sources */ = {isa = PBXBuildFile; fileRef = 84F708D61CADA49A00CBBFF7 /* AKCar.m */; };
		84F708E81CADA49A00CBBFF7 /* AKCar.m in Sources */ = {isa = PBXBuildFile; fileRef = 84F708D61CADA49A00CBBFF7 /* AKCar.m */; };
		84F708E91CADA49A00CBBFF7 /* AKAccountant.m in Sources */ = {isa = PBXBuildFile; fileRef = 84F708DA1CADA49A00CBBFF7 /* AKAccountant.m */; };
		84F708EA1CADA49A00CBBFF7 /* AKAccountant.m in Sources */ = {isa = PBXBuildFile; fileRef = 84F708DA1CADA49A00CBBFF7 /* AKAccountant.m */; };
		84F708EB1CADA49A00CBBFF7 /* AKBoss.m in Sources */ = {isa = PBXBuildFile; fileRef = 84F708DD1CADA49A00CBBFF7 /* AKBoss.m */; };
		84F708EC1CADA49A00CBBFF7 /* AKBoss.m in Sources */ = {isa = PBXBuildFile; fileRef = 84F708DD1CADA49A00CBBFF7 /* AKBoss.m */; };
		84F708ED1CADA49A00CBBFF7 /* AKCarsWasher.m in Sources */ = {isa = PBXBuildFile; fileRef = 84F708E01CADA49A00CBBFF7 /* AKCarsWasher.m */; };
		84F708EE1CADA49A00CBBFF7 /* AKCarsWasher.m in Sources */ = {isa = PBXBuildFile; fileRef = 84F708E01CADA49A00CBBFF7 /* AKCarsWasher.m */; };
		84F708EF1CADA49A00CBBFF7 /* AKEmployee.m in Sources */ = {isa = PBXBuildFile; fileRef = 84F708E21CADA49A00CBBFF7 /* AKEmployee.m */; };
		84F708F01CADA49A00CBBFF7 /* AKEmployee.m in Sources */ = {isa = PBXBuildFile; fileRef = 84F708E21CADA49A00CBBFF7 /* AKEmployee.m */; };
		84F708F11CADA49A00CBBFF7 /* AKEnterprise.m in Sources */ = {isa = PBXBuildFile; fileRef = 84F708E41CADA49A00CBBFF7 /* AKEnterprise.m */; };
		84F708F21CADA49A00CBBFF7 /* AKEnterprise.m in Sources */ = {isa = PBXBuildFile; fileRef = 84F708E41CADA49A00CBBFF7 /* AKEnterprise.m */; };
		84FE051F1CECD9E600AEC0D6 /* Duck.jpg in Resources */ = {isa = PBXBuildFile; fileRef = 84FE051E1CECD9E600AEC0D6 /* Duck.jpg */; };
		84FE05271CED1ADE00AEC0D6 /* NSFileManager+AKCategory.m in Sources */ = {isa = PBXBuildFile; fileRef = 84FE05261CED1ADE00AEC0D6 /* NSFileManager+AKCategory.m */; };
/* End PBXBuildFile section */

/* Begin PBXCopyFilesBuildPhase section */
		8476922C1C763B66008682D4 /* CopyFiles */ = {
			isa = PBXCopyFilesBuildPhase;
			buildActionMask = 2147483647;
			dstPath = /usr/share/man/man1/;
			dstSubfolderSpec = 0;
			files = (
			);
			runOnlyForDeploymentPostprocessing = 1;
		};
		84A6B1591C32D2FF000ACAA5 /* CopyFiles */ = {
			isa = PBXCopyFilesBuildPhase;
			buildActionMask = 2147483647;
			dstPath = /usr/share/man/man1/;
			dstSubfolderSpec = 0;
			files = (
			);
			runOnlyForDeploymentPostprocessing = 1;
		};
/* End PBXCopyFilesBuildPhase section */

/* Begin PBXFileReference section */
		8402EEE71C7B76820004E6DC /* AKCreatureFemale.h */ = {isa = PBXFileReference; fileEncoding = 4; lastKnownFileType = sourcecode.c.h; path = AKCreatureFemale.h; sourceTree = "<group>"; };
		8402EEE81C7B76820004E6DC /* AKCreatureFemale.m */ = {isa = PBXFileReference; fileEncoding = 4; lastKnownFileType = sourcecode.c.objc; path = AKCreatureFemale.m; sourceTree = "<group>"; };
		8402EEEB1C7B768D0004E6DC /* AKCreatureMale.h */ = {isa = PBXFileReference; fileEncoding = 4; lastKnownFileType = sourcecode.c.h; path = AKCreatureMale.h; sourceTree = "<group>"; };
		8402EEEC1C7B768D0004E6DC /* AKCreatureMale.m */ = {isa = PBXFileReference; fileEncoding = 4; lastKnownFileType = sourcecode.c.objc; path = AKCreatureMale.m; sourceTree = "<group>"; };
		8412EC841CC7FCBA0064786A /* IOSProject.app */ = {isa = PBXFileReference; explicitFileType = wrapper.application; includeInIndex = 0; path = IOSProject.app; sourceTree = BUILT_PRODUCTS_DIR; };
		8418E57D1CBE76D800141D27 /* AKObserverDictionary.h */ = {isa = PBXFileReference; fileEncoding = 4; lastKnownFileType = sourcecode.c.h; path = AKObserverDictionary.h; sourceTree = "<group>"; };
		8418E57E1CBE76D800141D27 /* AKObserverDictionary.m */ = {isa = PBXFileReference; fileEncoding = 4; lastKnownFileType = sourcecode.c.objc; path = AKObserverDictionary.m; sourceTree = "<group>"; };
		8418E5811CBE76E400141D27 /* AKObserverArray.h */ = {isa = PBXFileReference; fileEncoding = 4; lastKnownFileType = sourcecode.c.h; path = AKObserverArray.h; sourceTree = "<group>"; };
		8418E5821CBE76E400141D27 /* AKObserverArray.m */ = {isa = PBXFileReference; fileEncoding = 4; lastKnownFileType = sourcecode.c.objc; path = AKObserverArray.m; sourceTree = "<group>"; };
		8418E5851CBE76F400141D27 /* AKObserverObject.h */ = {isa = PBXFileReference; fileEncoding = 4; lastKnownFileType = sourcecode.c.h; path = AKObserverObject.h; sourceTree = "<group>"; };
		8418E5861CBE76F400141D27 /* AKObserverObject.m */ = {isa = PBXFileReference; fileEncoding = 4; lastKnownFileType = sourcecode.c.objc; path = AKObserverObject.m; sourceTree = "<group>"; };
		841B3A211CF6394E005E972E /* AKImageModel.h */ = {isa = PBXFileReference; fileEncoding = 4; lastKnownFileType = sourcecode.c.h; path = AKImageModel.h; sourceTree = "<group>"; };
		841B3A221CF6394E005E972E /* AKImageModel.m */ = {isa = PBXFileReference; fileEncoding = 4; lastKnownFileType = sourcecode.c.objc; path = AKImageModel.m; sourceTree = "<group>"; };
		841B3A2C1CF6508B005E972E /* AKLoadingView.xib */ = {isa = PBXFileReference; fileEncoding = 4; lastKnownFileType = file.xib; path = AKLoadingView.xib; sourceTree = "<group>"; };
		841B3A2F1CF65508005E972E /* AKImageView.h */ = {isa = PBXFileReference; fileEncoding = 4; lastKnownFileType = sourcecode.c.h; path = AKImageView.h; sourceTree = "<group>"; };
		841B3A301CF65508005E972E /* AKImageView.m */ = {isa = PBXFileReference; fileEncoding = 4; lastKnownFileType = sourcecode.c.objc; path = AKImageView.m; sourceTree = "<group>"; };
		8434CF8A1CE1A25000C8498F /* AKMacroIOS.h */ = {isa = PBXFileReference; lastKnownFileType = sourcecode.c.h; path = AKMacroIOS.h; sourceTree = "<group>"; };
		8447B2A81CF488E9003DCE14 /* AKModel.h */ = {isa = PBXFileReference; fileEncoding = 4; lastKnownFileType = sourcecode.c.h; path = AKModel.h; sourceTree = "<group>"; };
		8447B2A91CF488E9003DCE14 /* AKModel.m */ = {isa = PBXFileReference; fileEncoding = 4; lastKnownFileType = sourcecode.c.objc; path = AKModel.m; sourceTree = "<group>"; };
		846C01041CEE5D2500EBC949 /* AKViewModel.h */ = {isa = PBXFileReference; fileEncoding = 4; lastKnownFileType = sourcecode.c.h; path = AKViewModel.h; sourceTree = "<group>"; };
		846C01051CEE5D2500EBC949 /* AKViewModel.m */ = {isa = PBXFileReference; fileEncoding = 4; lastKnownFileType = sourcecode.c.objc; path = AKViewModel.m; sourceTree = "<group>"; };
		846C01081CEE5D5E00EBC949 /* AKLoadingView.h */ = {isa = PBXFileReference; fileEncoding = 4; lastKnownFileType = sourcecode.c.h; path = AKLoadingView.h; sourceTree = "<group>"; };
		846C01091CEE5D5E00EBC949 /* AKLoadingView.m */ = {isa = PBXFileReference; fileEncoding = 4; lastKnownFileType = sourcecode.c.objc; path = AKLoadingView.m; sourceTree = "<group>"; };
		847691D31C762922008682D4 /* main.m */ = {isa = PBXFileReference; lastKnownFileType = sourcecode.c.objc; path = main.m; sourceTree = "<group>"; };
		847691D91C762984008682D4 /* main.c */ = {isa = PBXFileReference; fileEncoding = 4; lastKnownFileType = sourcecode.c.c; path = main.c; sourceTree = "<group>"; };
		847691DC1C762984008682D4 /* AKArray.c */ = {isa = PBXFileReference; fileEncoding = 4; lastKnownFileType = sourcecode.c.c; path = AKArray.c; sourceTree = "<group>"; };
		847691DD1C762984008682D4 /* AKArray.h */ = {isa = PBXFileReference; fileEncoding = 4; lastKnownFileType = sourcecode.c.h; path = AKArray.h; sourceTree = "<group>"; };
		847691DF1C762984008682D4 /* AKEnumerator.c */ = {isa = PBXFileReference; fileEncoding = 4; lastKnownFileType = sourcecode.c.c; path = AKEnumerator.c; sourceTree = "<group>"; };
		847691E01C762984008682D4 /* AKEnumerator.h */ = {isa = PBXFileReference; fileEncoding = 4; lastKnownFileType = sourcecode.c.h; path = AKEnumerator.h; sourceTree = "<group>"; };
		847691E11C762984008682D4 /* AKEnumeratorPrivate.h */ = {isa = PBXFileReference; fileEncoding = 4; lastKnownFileType = sourcecode.c.h; path = AKEnumeratorPrivate.h; sourceTree = "<group>"; };
		847691E31C762984008682D4 /* AKHuman.c */ = {isa = PBXFileReference; fileEncoding = 4; lastKnownFileType = sourcecode.c.c; path = AKHuman.c; sourceTree = "<group>"; };
		847691E41C762984008682D4 /* AKHuman.h */ = {isa = PBXFileReference; fileEncoding = 4; lastKnownFileType = sourcecode.c.h; path = AKHuman.h; sourceTree = "<group>"; };
		847691E61C762984008682D4 /* AKLinkedList.c */ = {isa = PBXFileReference; fileEncoding = 4; lastKnownFileType = sourcecode.c.c; path = AKLinkedList.c; sourceTree = "<group>"; };
		847691E71C762984008682D4 /* AKLinkedList.h */ = {isa = PBXFileReference; fileEncoding = 4; lastKnownFileType = sourcecode.c.h; path = AKLinkedList.h; sourceTree = "<group>"; };
		847691E81C762984008682D4 /* AKLinkedListPrivate.h */ = {isa = PBXFileReference; fileEncoding = 4; lastKnownFileType = sourcecode.c.h; path = AKLinkedListPrivate.h; sourceTree = "<group>"; };
		847691EA1C762984008682D4 /* AKMacro.h */ = {isa = PBXFileReference; fileEncoding = 4; lastKnownFileType = sourcecode.c.h; path = AKMacro.h; sourceTree = "<group>"; };
		847691EC1C762984008682D4 /* AKNode.c */ = {isa = PBXFileReference; fileEncoding = 4; lastKnownFileType = sourcecode.c.c; path = AKNode.c; sourceTree = "<group>"; };
		847691ED1C762984008682D4 /* AKNode.h */ = {isa = PBXFileReference; fileEncoding = 4; lastKnownFileType = sourcecode.c.h; path = AKNode.h; sourceTree = "<group>"; };
		847691EF1C762984008682D4 /* AKObject.c */ = {isa = PBXFileReference; fileEncoding = 4; lastKnownFileType = sourcecode.c.c; path = AKObject.c; sourceTree = "<group>"; };
		847691F01C762984008682D4 /* AKObject.h */ = {isa = PBXFileReference; fileEncoding = 4; lastKnownFileType = sourcecode.c.h; path = AKObject.h; sourceTree = "<group>"; };
		847691F21C762984008682D4 /* AKString.c */ = {isa = PBXFileReference; fileEncoding = 4; lastKnownFileType = sourcecode.c.c; path = AKString.c; sourceTree = "<group>"; };
		847691F31C762984008682D4 /* AKString.h */ = {isa = PBXFileReference; fileEncoding = 4; lastKnownFileType = sourcecode.c.h; path = AKString.h; sourceTree = "<group>"; };
		847691F51C762984008682D4 /* AKStruct.c */ = {isa = PBXFileReference; fileEncoding = 4; lastKnownFileType = sourcecode.c.c; path = AKStruct.c; sourceTree = "<group>"; };
		847691F61C762984008682D4 /* AKStruct.h */ = {isa = PBXFileReference; fileEncoding = 4; lastKnownFileType = sourcecode.c.h; path = AKStruct.h; sourceTree = "<group>"; };
		847691F81C762984008682D4 /* AKValueBitOutput.c */ = {isa = PBXFileReference; fileEncoding = 4; lastKnownFileType = sourcecode.c.c; path = AKValueBitOutput.c; sourceTree = "<group>"; };
		847691F91C762984008682D4 /* AKValueBitOutput.h */ = {isa = PBXFileReference; fileEncoding = 4; lastKnownFileType = sourcecode.c.h; path = AKValueBitOutput.h; sourceTree = "<group>"; };
		847691FC1C762984008682D4 /* AKArrayTest.c */ = {isa = PBXFileReference; fileEncoding = 4; lastKnownFileType = sourcecode.c.c; path = AKArrayTest.c; sourceTree = "<group>"; };
		847691FD1C762984008682D4 /* AKArrayTest.h */ = {isa = PBXFileReference; fileEncoding = 4; lastKnownFileType = sourcecode.c.h; path = AKArrayTest.h; sourceTree = "<group>"; };
		847691FF1C762984008682D4 /* AKHumanTest.c */ = {isa = PBXFileReference; fileEncoding = 4; lastKnownFileType = sourcecode.c.c; path = AKHumanTest.c; sourceTree = "<group>"; };
		847692001C762984008682D4 /* AKHumanTest.h */ = {isa = PBXFileReference; fileEncoding = 4; lastKnownFileType = sourcecode.c.h; path = AKHumanTest.h; sourceTree = "<group>"; };
		847692021C762984008682D4 /* AKLinkedListTest.c */ = {isa = PBXFileReference; fileEncoding = 4; lastKnownFileType = sourcecode.c.c; path = AKLinkedListTest.c; sourceTree = "<group>"; };
		847692031C762984008682D4 /* AKLinkedListTest.h */ = {isa = PBXFileReference; fileEncoding = 4; lastKnownFileType = sourcecode.c.h; path = AKLinkedListTest.h; sourceTree = "<group>"; };
		847692051C762984008682D4 /* AKMacroTests.c */ = {isa = PBXFileReference; fileEncoding = 4; lastKnownFileType = sourcecode.c.c; path = AKMacroTests.c; sourceTree = "<group>"; };
		847692061C762984008682D4 /* AKMacroTests.h */ = {isa = PBXFileReference; fileEncoding = 4; lastKnownFileType = sourcecode.c.h; path = AKMacroTests.h; sourceTree = "<group>"; };
		847692081C762984008682D4 /* AKNodeTest.c */ = {isa = PBXFileReference; fileEncoding = 4; lastKnownFileType = sourcecode.c.c; path = AKNodeTest.c; sourceTree = "<group>"; };
		847692091C762984008682D4 /* AKNodeTest.h */ = {isa = PBXFileReference; fileEncoding = 4; lastKnownFileType = sourcecode.c.h; path = AKNodeTest.h; sourceTree = "<group>"; };
		8476920B1C762984008682D4 /* AKStringTest.c */ = {isa = PBXFileReference; fileEncoding = 4; lastKnownFileType = sourcecode.c.c; path = AKStringTest.c; sourceTree = "<group>"; };
		8476920C1C762984008682D4 /* AKStringTest.h */ = {isa = PBXFileReference; fileEncoding = 4; lastKnownFileType = sourcecode.c.h; path = AKStringTest.h; sourceTree = "<group>"; };
		8476920E1C762984008682D4 /* AKStructTests.c */ = {isa = PBXFileReference; fileEncoding = 4; lastKnownFileType = sourcecode.c.c; path = AKStructTests.c; sourceTree = "<group>"; };
		8476920F1C762984008682D4 /* AKStructTests.h */ = {isa = PBXFileReference; fileEncoding = 4; lastKnownFileType = sourcecode.c.h; path = AKStructTests.h; sourceTree = "<group>"; };
		847692111C762984008682D4 /* AKValueBitOutputTests.c */ = {isa = PBXFileReference; fileEncoding = 4; lastKnownFileType = sourcecode.c.c; path = AKValueBitOutputTests.c; sourceTree = "<group>"; };
		847692121C762984008682D4 /* AKValueBitOutputTests.h */ = {isa = PBXFileReference; fileEncoding = 4; lastKnownFileType = sourcecode.c.h; path = AKValueBitOutputTests.h; sourceTree = "<group>"; };
		8476922E1C763B66008682D4 /* ObjC */ = {isa = PBXFileReference; explicitFileType = "compiled.mach-o.executable"; includeInIndex = 0; path = ObjC; sourceTree = BUILT_PRODUCTS_DIR; };
		847A81351C77ADB9004110B2 /* AKCreature.h */ = {isa = PBXFileReference; fileEncoding = 4; lastKnownFileType = sourcecode.c.h; path = AKCreature.h; sourceTree = "<group>"; };
		847A81361C77ADB9004110B2 /* AKCreature.m */ = {isa = PBXFileReference; fileEncoding = 4; lastKnownFileType = sourcecode.c.objc; path = AKCreature.m; sourceTree = "<group>"; };
		847A813C1C77C195004110B2 /* AKCreatureTest.h */ = {isa = PBXFileReference; fileEncoding = 4; lastKnownFileType = sourcecode.c.h; path = AKCreatureTest.h; sourceTree = "<group>"; };
		847A813D1C77C195004110B2 /* AKCreatureTest.m */ = {isa = PBXFileReference; fileEncoding = 4; lastKnownFileType = sourcecode.c.objc; path = AKCreatureTest.m; sourceTree = "<group>"; };
		849F02DC1CEA5CC000BBDC8E /* AKStateModel.h */ = {isa = PBXFileReference; fileEncoding = 4; lastKnownFileType = sourcecode.c.h; path = AKStateModel.h; sourceTree = "<group>"; };
		849F02DD1CEA5CC000BBDC8E /* AKStateModel.m */ = {isa = PBXFileReference; fileEncoding = 4; lastKnownFileType = sourcecode.c.objc; path = AKStateModel.m; sourceTree = "<group>"; };
		84A6B15B1C32D2FF000ACAA5 /* C */ = {isa = PBXFileReference; explicitFileType = "compiled.mach-o.executable"; includeInIndex = 0; path = C; sourceTree = BUILT_PRODUCTS_DIR; };
		84AA39481CB11CA2004DF487 /* AKMoneyProtocol.h */ = {isa = PBXFileReference; fileEncoding = 4; lastKnownFileType = sourcecode.c.h; path = AKMoneyProtocol.h; sourceTree = "<group>"; };
		84AA39491CB11CA2004DF487 /* AKWorkerProtocol.h */ = {isa = PBXFileReference; fileEncoding = 4; lastKnownFileType = sourcecode.c.h; path = AKWorkerProtocol.h; sourceTree = "<group>"; };
		84AA394B1CB11D6B004DF487 /* AKQueue.h */ = {isa = PBXFileReference; fileEncoding = 4; lastKnownFileType = sourcecode.c.h; path = AKQueue.h; sourceTree = "<group>"; };
		84AA394C1CB11D6B004DF487 /* AKQueue.m */ = {isa = PBXFileReference; fileEncoding = 4; lastKnownFileType = sourcecode.c.objc; path = AKQueue.m; sourceTree = "<group>"; };
		84B14F5B1C7F4D45003B4B17 /* AKStudy-Prefix.pch */ = {isa = PBXFileReference; fileEncoding = 4; lastKnownFileType = sourcecode.c.h; path = "AKStudy-Prefix.pch"; sourceTree = "<group>"; };
		84B14F611C7F51E4003B4B17 /* NSObject+AKExtensions.h */ = {isa = PBXFileReference; fileEncoding = 4; lastKnownFileType = sourcecode.c.h; path = "NSObject+AKExtensions.h"; sourceTree = "<group>"; };
		84B14F621C7F51E4003B4B17 /* NSObject+AKExtensions.m */ = {isa = PBXFileReference; fileEncoding = 4; lastKnownFileType = sourcecode.c.objc; path = "NSObject+AKExtensions.m"; sourceTree = "<group>"; };
		84B14F671C7FAD8E003B4B17 /* NSString+AKExtensions.h */ = {isa = PBXFileReference; fileEncoding = 4; lastKnownFileType = sourcecode.c.h; path = "NSString+AKExtensions.h"; sourceTree = "<group>"; };
		84B14F681C7FAD8E003B4B17 /* NSString+AKExtensions.m */ = {isa = PBXFileReference; fileEncoding = 4; lastKnownFileType = sourcecode.c.objc; path = "NSString+AKExtensions.m"; sourceTree = "<group>"; };
		84B616771CB6CD120048C92A /* AKDispatcher.h */ = {isa = PBXFileReference; fileEncoding = 4; lastKnownFileType = sourcecode.c.h; path = AKDispatcher.h; sourceTree = "<group>"; };
		84B616781CB6CD120048C92A /* AKDispatcher.m */ = {isa = PBXFileReference; fileEncoding = 4; lastKnownFileType = sourcecode.c.objc; path = AKDispatcher.m; sourceTree = "<group>"; };
		84B677911C86E3500042FC86 /* TestAKStudy.xctest */ = {isa = PBXFileReference; explicitFileType = wrapper.cfbundle; includeInIndex = 0; path = TestAKStudy.xctest; sourceTree = BUILT_PRODUCTS_DIR; };
		84B677931C86E3500042FC86 /* TestAKStudy.m */ = {isa = PBXFileReference; lastKnownFileType = sourcecode.c.objc; path = TestAKStudy.m; sourceTree = "<group>"; };
		84B677951C86E3500042FC86 /* Info.plist */ = {isa = PBXFileReference; lastKnownFileType = text.plist.xml; path = Info.plist; sourceTree = "<group>"; };
		84B95DB71CE0CF5500BAA556 /* CGGeometry+AKCategory.h */ = {isa = PBXFileReference; fileEncoding = 4; lastKnownFileType = sourcecode.c.h; path = "CGGeometry+AKCategory.h"; sourceTree = "<group>"; };
		84B95DB81CE0CF5500BAA556 /* CGGeometry+AKCategory.m */ = {isa = PBXFileReference; fileEncoding = 4; lastKnownFileType = sourcecode.c.objc; path = "CGGeometry+AKCategory.m"; sourceTree = "<group>"; };
		84B95DBA1CE0CF5500BAA556 /* UITableView+AKCategory.h */ = {isa = PBXFileReference; fileEncoding = 4; lastKnownFileType = sourcecode.c.h; path = "UITableView+AKCategory.h"; sourceTree = "<group>"; };
		84B95DBB1CE0CF5500BAA556 /* UITableView+AKCategory.m */ = {isa = PBXFileReference; fileEncoding = 4; lastKnownFileType = sourcecode.c.objc; path = "UITableView+AKCategory.m"; sourceTree = "<group>"; };
		84B95DBD1CE0CF5500BAA556 /* UIViewController+AKCategory.h */ = {isa = PBXFileReference; fileEncoding = 4; lastKnownFileType = sourcecode.c.h; path = "UIViewController+AKCategory.h"; sourceTree = "<group>"; };
		84B95DBE1CE0CF5500BAA556 /* UIViewController+AKCategory.m */ = {isa = PBXFileReference; fileEncoding = 4; lastKnownFileType = sourcecode.c.objc; path = "UIViewController+AKCategory.m"; sourceTree = "<group>"; };
		84B95DC01CE0CF5500BAA556 /* UIWindow+AKCategory.h */ = {isa = PBXFileReference; fileEncoding = 4; lastKnownFileType = sourcecode.c.h; path = "UIWindow+AKCategory.h"; sourceTree = "<group>"; };
		84B95DC11CE0CF5500BAA556 /* UIWindow+AKCategory.m */ = {isa = PBXFileReference; fileEncoding = 4; lastKnownFileType = sourcecode.c.objc; path = "UIWindow+AKCategory.m"; sourceTree = "<group>"; };
		84B95DCE1CE0CF5500BAA556 /* AKLabelView.h */ = {isa = PBXFileReference; fileEncoding = 4; lastKnownFileType = sourcecode.c.h; path = AKLabelView.h; sourceTree = "<group>"; };
		84B95DCF1CE0CF5500BAA556 /* AKLabelView.m */ = {isa = PBXFileReference; fileEncoding = 4; lastKnownFileType = sourcecode.c.objc; path = AKLabelView.m; sourceTree = "<group>"; };
		84B95DD01CE0CF5500BAA556 /* AKLabelViewController.h */ = {isa = PBXFileReference; fileEncoding = 4; lastKnownFileType = sourcecode.c.h; path = AKLabelViewController.h; sourceTree = "<group>"; };
		84B95DD11CE0CF5500BAA556 /* AKLabelViewController.m */ = {isa = PBXFileReference; fileEncoding = 4; lastKnownFileType = sourcecode.c.objc; path = AKLabelViewController.m; sourceTree = "<group>"; };
		84B95DD21CE0CF5500BAA556 /* AKLabelViewController.xib */ = {isa = PBXFileReference; fileEncoding = 4; lastKnownFileType = file.xib; path = AKLabelViewController.xib; sourceTree = "<group>"; };
		84B95DD51CE0CF5500BAA556 /* AKUserView.h */ = {isa = PBXFileReference; fileEncoding = 4; lastKnownFileType = sourcecode.c.h; path = AKUserView.h; sourceTree = "<group>"; };
		84B95DD61CE0CF5500BAA556 /* AKUserView.m */ = {isa = PBXFileReference; fileEncoding = 4; lastKnownFileType = sourcecode.c.objc; path = AKUserView.m; sourceTree = "<group>"; };
		84B95DD81CE0CF5500BAA556 /* AKUserViewCell.h */ = {isa = PBXFileReference; fileEncoding = 4; lastKnownFileType = sourcecode.c.h; path = AKUserViewCell.h; sourceTree = "<group>"; };
		84B95DD91CE0CF5500BAA556 /* AKUserViewCell.m */ = {isa = PBXFileReference; fileEncoding = 4; lastKnownFileType = sourcecode.c.objc; path = AKUserViewCell.m; sourceTree = "<group>"; };
		84B95DDA1CE0CF5500BAA556 /* AKUserViewCell.xib */ = {isa = PBXFileReference; fileEncoding = 4; lastKnownFileType = file.xib; path = AKUserViewCell.xib; sourceTree = "<group>"; };
		84B95DDB1CE0CF5500BAA556 /* AKUserViewController.h */ = {isa = PBXFileReference; fileEncoding = 4; lastKnownFileType = sourcecode.c.h; path = AKUserViewController.h; sourceTree = "<group>"; };
		84B95DDC1CE0CF5500BAA556 /* AKUserViewController.m */ = {isa = PBXFileReference; fileEncoding = 4; lastKnownFileType = sourcecode.c.objc; path = AKUserViewController.m; sourceTree = "<group>"; };
		84B95DDD1CE0CF5500BAA556 /* AKUserViewController.xib */ = {isa = PBXFileReference; fileEncoding = 4; lastKnownFileType = file.xib; path = AKUserViewController.xib; sourceTree = "<group>"; };
		84B95DE01CE0CF5500BAA556 /* AKAppDelegate.h */ = {isa = PBXFileReference; fileEncoding = 4; lastKnownFileType = sourcecode.c.h; path = AKAppDelegate.h; sourceTree = "<group>"; };
		84B95DE11CE0CF5500BAA556 /* AKAppDelegate.m */ = {isa = PBXFileReference; fileEncoding = 4; lastKnownFileType = sourcecode.c.objc; path = AKAppDelegate.m; sourceTree = "<group>"; };
		84B95DE31CE0CF5500BAA556 /* Assets.xcassets */ = {isa = PBXFileReference; lastKnownFileType = folder.assetcatalog; path = Assets.xcassets; sourceTree = "<group>"; };
		84B95DE51CE0CF5500BAA556 /* Base */ = {isa = PBXFileReference; lastKnownFileType = file.storyboard; name = Base; path = Base.lproj/LaunchScreen.storyboard; sourceTree = "<group>"; };
		84B95DE71CE0CF5500BAA556 /* Base */ = {isa = PBXFileReference; lastKnownFileType = file.storyboard; name = Base; path = Base.lproj/Main.storyboard; sourceTree = "<group>"; };
		84B95DE81CE0CF5500BAA556 /* Info.plist */ = {isa = PBXFileReference; fileEncoding = 4; lastKnownFileType = text.plist.xml; path = Info.plist; sourceTree = "<group>"; };
		84B95DE91CE0CF5500BAA556 /* IOSProject-Prefix.pch */ = {isa = PBXFileReference; fileEncoding = 4; lastKnownFileType = sourcecode.c.h; path = "IOSProject-Prefix.pch"; sourceTree = "<group>"; };
		84B95DEA1CE0CF5500BAA556 /* main.m */ = {isa = PBXFileReference; fileEncoding = 4; lastKnownFileType = sourcecode.c.objc; path = main.m; sourceTree = "<group>"; };
		84B95E011CE0D03F00BAA556 /* AKArrayModel.h */ = {isa = PBXFileReference; fileEncoding = 4; lastKnownFileType = sourcecode.c.h; path = AKArrayModel.h; sourceTree = "<group>"; };
		84B95E021CE0D03F00BAA556 /* AKArrayModel.m */ = {isa = PBXFileReference; fileEncoding = 4; lastKnownFileType = sourcecode.c.objc; path = AKArrayModel.m; sourceTree = "<group>"; };
		84B95E041CE0D03F00BAA556 /* AKStringModel.h */ = {isa = PBXFileReference; fileEncoding = 4; lastKnownFileType = sourcecode.c.h; path = AKStringModel.h; sourceTree = "<group>"; };
		84B95E051CE0D03F00BAA556 /* AKStringModel.m */ = {isa = PBXFileReference; fileEncoding = 4; lastKnownFileType = sourcecode.c.objc; path = AKStringModel.m; sourceTree = "<group>"; };
		84B95E0A1CE0ED8400BAA556 /* UINib+AKCategory.h */ = {isa = PBXFileReference; fileEncoding = 4; lastKnownFileType = sourcecode.c.h; path = "UINib+AKCategory.h"; sourceTree = "<group>"; };
		84B95E0B1CE0ED8400BAA556 /* UINib+AKCategory.m */ = {isa = PBXFileReference; fileEncoding = 4; lastKnownFileType = sourcecode.c.objc; path = "UINib+AKCategory.m"; sourceTree = "<group>"; };
		84C406BE1C986539002000DE /* AKObserver.h */ = {isa = PBXFileReference; fileEncoding = 4; lastKnownFileType = sourcecode.c.h; path = AKObserver.h; sourceTree = "<group>"; };
		84C406BF1C986539002000DE /* AKObserver.m */ = {isa = PBXFileReference; fileEncoding = 4; lastKnownFileType = sourcecode.c.objc; path = AKObserver.m; sourceTree = "<group>"; };
		84C6F4941CF238EF00CD045C /* AKArrayManager.h */ = {isa = PBXFileReference; fileEncoding = 4; lastKnownFileType = sourcecode.c.h; path = AKArrayManager.h; sourceTree = "<group>"; };
		84C6F4951CF238EF00CD045C /* AKArrayManager.m */ = {isa = PBXFileReference; fileEncoding = 4; lastKnownFileType = sourcecode.c.objc; path = AKArrayManager.m; sourceTree = "<group>"; };
		84C956A81CC573EA0026BCC5 /* AKMacroObjC.h */ = {isa = PBXFileReference; lastKnownFileType = sourcecode.c.h; path = AKMacroObjC.h; sourceTree = "<group>"; };
		84C956AA1CC575E30026BCC5 /* AKDispatch.h */ = {isa = PBXFileReference; fileEncoding = 4; lastKnownFileType = sourcecode.c.h; path = AKDispatch.h; sourceTree = "<group>"; };
		84C956AB1CC575E30026BCC5 /* AKDispatch.m */ = {isa = PBXFileReference; fileEncoding = 4; lastKnownFileType = sourcecode.c.objc; path = AKDispatch.m; sourceTree = "<group>"; };
		84D7DB021CEE42910082B5AC /* NSBundle+AKCategory.h */ = {isa = PBXFileReference; fileEncoding = 4; lastKnownFileType = sourcecode.c.h; path = "NSBundle+AKCategory.h"; sourceTree = "<group>"; };
		84D7DB031CEE42910082B5AC /* NSBundle+AKCategory.m */ = {isa = PBXFileReference; fileEncoding = 4; lastKnownFileType = sourcecode.c.objc; path = "NSBundle+AKCategory.m"; sourceTree = "<group>"; };
		84D867D41C79B9A3005B7E18 /* iOS Study Plan.txt */ = {isa = PBXFileReference; lastKnownFileType = text; name = "iOS Study Plan.txt"; path = "../../../Downloads/iOS Study Plan.txt"; sourceTree = "<group>"; };
		84F708D51CADA49A00CBBFF7 /* AKCar.h */ = {isa = PBXFileReference; fileEncoding = 4; lastKnownFileType = sourcecode.c.h; path = AKCar.h; sourceTree = "<group>"; };
		84F708D61CADA49A00CBBFF7 /* AKCar.m */ = {isa = PBXFileReference; fileEncoding = 4; lastKnownFileType = sourcecode.c.objc; path = AKCar.m; sourceTree = "<group>"; };
		84F708D91CADA49A00CBBFF7 /* AKAccountant.h */ = {isa = PBXFileReference; fileEncoding = 4; lastKnownFileType = sourcecode.c.h; path = AKAccountant.h; sourceTree = "<group>"; };
		84F708DA1CADA49A00CBBFF7 /* AKAccountant.m */ = {isa = PBXFileReference; fileEncoding = 4; lastKnownFileType = sourcecode.c.objc; path = AKAccountant.m; sourceTree = "<group>"; };
		84F708DC1CADA49A00CBBFF7 /* AKBoss.h */ = {isa = PBXFileReference; fileEncoding = 4; lastKnownFileType = sourcecode.c.h; path = AKBoss.h; sourceTree = "<group>"; };
		84F708DD1CADA49A00CBBFF7 /* AKBoss.m */ = {isa = PBXFileReference; fileEncoding = 4; lastKnownFileType = sourcecode.c.objc; path = AKBoss.m; sourceTree = "<group>"; };
		84F708DF1CADA49A00CBBFF7 /* AKCarsWasher.h */ = {isa = PBXFileReference; fileEncoding = 4; lastKnownFileType = sourcecode.c.h; path = AKCarsWasher.h; sourceTree = "<group>"; };
		84F708E01CADA49A00CBBFF7 /* AKCarsWasher.m */ = {isa = PBXFileReference; fileEncoding = 4; lastKnownFileType = sourcecode.c.objc; path = AKCarsWasher.m; sourceTree = "<group>"; };
		84F708E11CADA49A00CBBFF7 /* AKEmployee.h */ = {isa = PBXFileReference; fileEncoding = 4; lastKnownFileType = sourcecode.c.h; path = AKEmployee.h; sourceTree = "<group>"; };
		84F708E21CADA49A00CBBFF7 /* AKEmployee.m */ = {isa = PBXFileReference; fileEncoding = 4; lastKnownFileType = sourcecode.c.objc; path = AKEmployee.m; sourceTree = "<group>"; };
		84F708E31CADA49A00CBBFF7 /* AKEnterprise.h */ = {isa = PBXFileReference; fileEncoding = 4; lastKnownFileType = sourcecode.c.h; path = AKEnterprise.h; sourceTree = "<group>"; };
		84F708E41CADA49A00CBBFF7 /* AKEnterprise.m */ = {isa = PBXFileReference; fileEncoding = 4; lastKnownFileType = sourcecode.c.objc; path = AKEnterprise.m; sourceTree = "<group>"; };
		84FB41141C84E07E00AB4C4C /* AKAlphabet.h */ = {isa = PBXFileReference; fileEncoding = 4; lastKnownFileType = sourcecode.c.h; path = AKAlphabet.h; sourceTree = "<group>"; };
		84FB41151C84E07E00AB4C4C /* AKAlphabet.m */ = {isa = PBXFileReference; fileEncoding = 4; lastKnownFileType = sourcecode.c.objc; path = AKAlphabet.m; sourceTree = "<group>"; };
		84FB41181C84E29B00AB4C4C /* AKRangeAlphabet.h */ = {isa = PBXFileReference; fileEncoding = 4; lastKnownFileType = sourcecode.c.h; path = AKRangeAlphabet.h; sourceTree = "<group>"; };
		84FB41191C84E29B00AB4C4C /* AKRangeAlphabet.m */ = {isa = PBXFileReference; fileEncoding = 4; lastKnownFileType = sourcecode.c.objc; path = AKRangeAlphabet.m; sourceTree = "<group>"; };
		84FB411C1C84E3B400AB4C4C /* AKStringAlphabet.h */ = {isa = PBXFileReference; fileEncoding = 4; lastKnownFileType = sourcecode.c.h; path = AKStringAlphabet.h; sourceTree = "<group>"; };
		84FB411D1C84E3B400AB4C4C /* AKStringAlphabet.m */ = {isa = PBXFileReference; fileEncoding = 4; lastKnownFileType = sourcecode.c.objc; path = AKStringAlphabet.m; sourceTree = "<group>"; };
		84FB41201C84E3C900AB4C4C /* AKClusterAlphabet.h */ = {isa = PBXFileReference; fileEncoding = 4; lastKnownFileType = sourcecode.c.h; path = AKClusterAlphabet.h; sourceTree = "<group>"; };
		84FB41211C84E3C900AB4C4C /* AKClusterAlphabet.m */ = {isa = PBXFileReference; fileEncoding = 4; lastKnownFileType = sourcecode.c.objc; path = AKClusterAlphabet.m; sourceTree = "<group>"; };
		84FE051E1CECD9E600AEC0D6 /* Duck.jpg */ = {isa = PBXFileReference; lastKnownFileType = image.jpeg; path = Duck.jpg; sourceTree = "<group>"; };
		84FE05251CED1ADE00AEC0D6 /* NSFileManager+AKCategory.h */ = {isa = PBXFileReference; fileEncoding = 4; lastKnownFileType = sourcecode.c.h; path = "NSFileManager+AKCategory.h"; sourceTree = "<group>"; };
		84FE05261CED1ADE00AEC0D6 /* NSFileManager+AKCategory.m */ = {isa = PBXFileReference; fileEncoding = 4; lastKnownFileType = sourcecode.c.objc; path = "NSFileManager+AKCategory.m"; sourceTree = "<group>"; };
/* End PBXFileReference section */

/* Begin PBXFrameworksBuildPhase section */
		8412EC811CC7FCBA0064786A /* Frameworks */ = {
			isa = PBXFrameworksBuildPhase;
			buildActionMask = 2147483647;
			files = (
			);
			runOnlyForDeploymentPostprocessing = 0;
		};
		8476922B1C763B66008682D4 /* Frameworks */ = {
			isa = PBXFrameworksBuildPhase;
			buildActionMask = 2147483647;
			files = (
			);
			runOnlyForDeploymentPostprocessing = 0;
		};
		84A6B1581C32D2FF000ACAA5 /* Frameworks */ = {
			isa = PBXFrameworksBuildPhase;
			buildActionMask = 2147483647;
			files = (
			);
			runOnlyForDeploymentPostprocessing = 0;
		};
		84B6778E1C86E3500042FC86 /* Frameworks */ = {
			isa = PBXFrameworksBuildPhase;
			buildActionMask = 2147483647;
			files = (
			);
			runOnlyForDeploymentPostprocessing = 0;
		};
/* End PBXFrameworksBuildPhase section */

/* Begin PBXGroup section */
		8402EEE61C7B76820004E6DC /* AKCreatureFemale */ = {
			isa = PBXGroup;
			children = (
				8402EEE71C7B76820004E6DC /* AKCreatureFemale.h */,
				8402EEE81C7B76820004E6DC /* AKCreatureFemale.m */,
			);
			path = AKCreatureFemale;
			sourceTree = "<group>";
		};
		8402EEEA1C7B768D0004E6DC /* AKCreatureMale */ = {
			isa = PBXGroup;
			children = (
				8402EEEB1C7B768D0004E6DC /* AKCreatureMale.h */,
				8402EEEC1C7B768D0004E6DC /* AKCreatureMale.m */,
			);
			path = AKCreatureMale;
			sourceTree = "<group>";
		};
		8418E5751CBE769700141D27 /* Private */ = {
			isa = PBXGroup;
			children = (
				8418E57C1CBE76C900141D27 /* AKObserverDictionary */,
				8418E5761CBE769700141D27 /* AKObserverArray */,
				8418E5771CBE769700141D27 /* AKObserverObject */,
			);
			path = Private;
			sourceTree = "<group>";
		};
		8418E5761CBE769700141D27 /* AKObserverArray */ = {
			isa = PBXGroup;
			children = (
				8418E5811CBE76E400141D27 /* AKObserverArray.h */,
				8418E5821CBE76E400141D27 /* AKObserverArray.m */,
			);
			path = AKObserverArray;
			sourceTree = "<group>";
		};
		8418E5771CBE769700141D27 /* AKObserverObject */ = {
			isa = PBXGroup;
			children = (
				8418E5851CBE76F400141D27 /* AKObserverObject.h */,
				8418E5861CBE76F400141D27 /* AKObserverObject.m */,
			);
			path = AKObserverObject;
			sourceTree = "<group>";
		};
		8418E57C1CBE76C900141D27 /* AKObserverDictionary */ = {
			isa = PBXGroup;
			children = (
				8418E57D1CBE76D800141D27 /* AKObserverDictionary.h */,
				8418E57E1CBE76D800141D27 /* AKObserverDictionary.m */,
			);
			path = AKObserverDictionary;
			sourceTree = "<group>";
		};
		841B3A201CF63941005E972E /* AKImageModel */ = {
			isa = PBXGroup;
			children = (
				841B3A2E1CF654EB005E972E /* AKImageView */,
				841B3A211CF6394E005E972E /* AKImageModel.h */,
				841B3A221CF6394E005E972E /* AKImageModel.m */,
			);
			path = AKImageModel;
			sourceTree = "<group>";
		};
		841B3A2E1CF654EB005E972E /* AKImageView */ = {
			isa = PBXGroup;
			children = (
				841B3A2F1CF65508005E972E /* AKImageView.h */,
				841B3A301CF65508005E972E /* AKImageView.m */,
			);
			path = AKImageView;
			sourceTree = "<group>";
		};
		8447B2A71CF488BA003DCE14 /* AKModel */ = {
			isa = PBXGroup;
			children = (
				8447B2A81CF488E9003DCE14 /* AKModel.h */,
				8447B2A91CF488E9003DCE14 /* AKModel.m */,
			);
			path = AKModel;
			sourceTree = "<group>";
		};
		846C01031CEE5D0900EBC949 /* AKViewModel */ = {
			isa = PBXGroup;
			children = (
				846C01071CEE5D4300EBC949 /* AKLoadingView */,
				846C01041CEE5D2500EBC949 /* AKViewModel.h */,
				846C01051CEE5D2500EBC949 /* AKViewModel.m */,
			);
			path = AKViewModel;
			sourceTree = "<group>";
		};
		846C01071CEE5D4300EBC949 /* AKLoadingView */ = {
			isa = PBXGroup;
			children = (
				846C01081CEE5D5E00EBC949 /* AKLoadingView.h */,
				846C01091CEE5D5E00EBC949 /* AKLoadingView.m */,
				841B3A2C1CF6508B005E972E /* AKLoadingView.xib */,
			);
			path = AKLoadingView;
			sourceTree = "<group>";
		};
		847691D21C762922008682D4 /* ObjC */ = {
			isa = PBXGroup;
			children = (
				84B14F601C7F51E4003B4B17 /* AKExtensions */,
				84B14F5A1C7F4D45003B4B17 /* Supporting Files */,
				8476923D1C764F68008682D4 /* Test */,
				847692251C762AAA008682D4 /* SRC */,
				847691D31C762922008682D4 /* main.m */,
			);
			path = ObjC;
			sourceTree = "<group>";
		};
		847691D81C762984008682D4 /* C */ = {
			isa = PBXGroup;
			children = (
				847691D91C762984008682D4 /* main.c */,
				847691DA1C762984008682D4 /* Source */,
				847691FA1C762984008682D4 /* Tests */,
			);
			path = C;
			sourceTree = "<group>";
		};
		847691DA1C762984008682D4 /* Source */ = {
			isa = PBXGroup;
			children = (
				847691DB1C762984008682D4 /* AKArray */,
				847691DE1C762984008682D4 /* AKEnumerator */,
				847691E21C762984008682D4 /* AKHuman */,
				847691E51C762984008682D4 /* AKLinkedList */,
				847691E91C762984008682D4 /* AKMacro */,
				847691EB1C762984008682D4 /* AKNode */,
				847691EE1C762984008682D4 /* AKObject */,
				847691F11C762984008682D4 /* AKString */,
				847691F41C762984008682D4 /* AKStruct */,
				847691F71C762984008682D4 /* AKValueBitOutput */,
			);
			path = Source;
			sourceTree = "<group>";
		};
		847691DB1C762984008682D4 /* AKArray */ = {
			isa = PBXGroup;
			children = (
				847691DC1C762984008682D4 /* AKArray.c */,
				847691DD1C762984008682D4 /* AKArray.h */,
			);
			path = AKArray;
			sourceTree = "<group>";
		};
		847691DE1C762984008682D4 /* AKEnumerator */ = {
			isa = PBXGroup;
			children = (
				847691DF1C762984008682D4 /* AKEnumerator.c */,
				847691E01C762984008682D4 /* AKEnumerator.h */,
				847691E11C762984008682D4 /* AKEnumeratorPrivate.h */,
			);
			path = AKEnumerator;
			sourceTree = "<group>";
		};
		847691E21C762984008682D4 /* AKHuman */ = {
			isa = PBXGroup;
			children = (
				847691E31C762984008682D4 /* AKHuman.c */,
				847691E41C762984008682D4 /* AKHuman.h */,
			);
			path = AKHuman;
			sourceTree = "<group>";
		};
		847691E51C762984008682D4 /* AKLinkedList */ = {
			isa = PBXGroup;
			children = (
				847691E61C762984008682D4 /* AKLinkedList.c */,
				847691E71C762984008682D4 /* AKLinkedList.h */,
				847691E81C762984008682D4 /* AKLinkedListPrivate.h */,
			);
			path = AKLinkedList;
			sourceTree = "<group>";
		};
		847691E91C762984008682D4 /* AKMacro */ = {
			isa = PBXGroup;
			children = (
				847691EA1C762984008682D4 /* AKMacro.h */,
			);
			path = AKMacro;
			sourceTree = "<group>";
		};
		847691EB1C762984008682D4 /* AKNode */ = {
			isa = PBXGroup;
			children = (
				847691EC1C762984008682D4 /* AKNode.c */,
				847691ED1C762984008682D4 /* AKNode.h */,
			);
			path = AKNode;
			sourceTree = "<group>";
		};
		847691EE1C762984008682D4 /* AKObject */ = {
			isa = PBXGroup;
			children = (
				847691EF1C762984008682D4 /* AKObject.c */,
				847691F01C762984008682D4 /* AKObject.h */,
			);
			path = AKObject;
			sourceTree = "<group>";
		};
		847691F11C762984008682D4 /* AKString */ = {
			isa = PBXGroup;
			children = (
				847691F21C762984008682D4 /* AKString.c */,
				847691F31C762984008682D4 /* AKString.h */,
			);
			path = AKString;
			sourceTree = "<group>";
		};
		847691F41C762984008682D4 /* AKStruct */ = {
			isa = PBXGroup;
			children = (
				847691F51C762984008682D4 /* AKStruct.c */,
				847691F61C762984008682D4 /* AKStruct.h */,
			);
			path = AKStruct;
			sourceTree = "<group>";
		};
		847691F71C762984008682D4 /* AKValueBitOutput */ = {
			isa = PBXGroup;
			children = (
				847691F81C762984008682D4 /* AKValueBitOutput.c */,
				847691F91C762984008682D4 /* AKValueBitOutput.h */,
			);
			path = AKValueBitOutput;
			sourceTree = "<group>";
		};
		847691FA1C762984008682D4 /* Tests */ = {
			isa = PBXGroup;
			children = (
				847691FB1C762984008682D4 /* AKArrayTest */,
				847691FE1C762984008682D4 /* AKHumanTest */,
				847692011C762984008682D4 /* AKLinkedListTest */,
				847692041C762984008682D4 /* AKMacroTests */,
				847692071C762984008682D4 /* AKNodeTest */,
				8476920A1C762984008682D4 /* AKStringTest */,
				8476920D1C762984008682D4 /* AKStructTests */,
				847692101C762984008682D4 /* AKValueBitOutputTests */,
			);
			path = Tests;
			sourceTree = "<group>";
		};
		847691FB1C762984008682D4 /* AKArrayTest */ = {
			isa = PBXGroup;
			children = (
				847691FC1C762984008682D4 /* AKArrayTest.c */,
				847691FD1C762984008682D4 /* AKArrayTest.h */,
			);
			path = AKArrayTest;
			sourceTree = "<group>";
		};
		847691FE1C762984008682D4 /* AKHumanTest */ = {
			isa = PBXGroup;
			children = (
				847691FF1C762984008682D4 /* AKHumanTest.c */,
				847692001C762984008682D4 /* AKHumanTest.h */,
			);
			path = AKHumanTest;
			sourceTree = "<group>";
		};
		847692011C762984008682D4 /* AKLinkedListTest */ = {
			isa = PBXGroup;
			children = (
				847692021C762984008682D4 /* AKLinkedListTest.c */,
				847692031C762984008682D4 /* AKLinkedListTest.h */,
			);
			path = AKLinkedListTest;
			sourceTree = "<group>";
		};
		847692041C762984008682D4 /* AKMacroTests */ = {
			isa = PBXGroup;
			children = (
				847692051C762984008682D4 /* AKMacroTests.c */,
				847692061C762984008682D4 /* AKMacroTests.h */,
			);
			path = AKMacroTests;
			sourceTree = "<group>";
		};
		847692071C762984008682D4 /* AKNodeTest */ = {
			isa = PBXGroup;
			children = (
				847692081C762984008682D4 /* AKNodeTest.c */,
				847692091C762984008682D4 /* AKNodeTest.h */,
			);
			path = AKNodeTest;
			sourceTree = "<group>";
		};
		8476920A1C762984008682D4 /* AKStringTest */ = {
			isa = PBXGroup;
			children = (
				8476920B1C762984008682D4 /* AKStringTest.c */,
				8476920C1C762984008682D4 /* AKStringTest.h */,
			);
			path = AKStringTest;
			sourceTree = "<group>";
		};
		8476920D1C762984008682D4 /* AKStructTests */ = {
			isa = PBXGroup;
			children = (
				8476920E1C762984008682D4 /* AKStructTests.c */,
				8476920F1C762984008682D4 /* AKStructTests.h */,
			);
			path = AKStructTests;
			sourceTree = "<group>";
		};
		847692101C762984008682D4 /* AKValueBitOutputTests */ = {
			isa = PBXGroup;
			children = (
				847692111C762984008682D4 /* AKValueBitOutputTests.c */,
				847692121C762984008682D4 /* AKValueBitOutputTests.h */,
			);
			path = AKValueBitOutputTests;
			sourceTree = "<group>";
		};
		847692251C762AAA008682D4 /* SRC */ = {
			isa = PBXGroup;
			children = (
				84C956A91CC575D40026BCC5 /* AKDispatch */,
				84C956A61CC573A20026BCC5 /* AKMacro */,
				847A81341C77ADB9004110B2 /* AKCreature */,
				84FB41131C84E04E00AB4C4C /* AKAlphabet */,
				84C406BD1C98651C002000DE /* AKObserver */,
				84F708D31CADA49A00CBBFF7 /* AKEnterprise */,
			);
			path = SRC;
			sourceTree = "<group>";
		};
		8476923D1C764F68008682D4 /* Test */ = {
			isa = PBXGroup;
			children = (
				847A81381C77ADC8004110B2 /* AKCreatureTest */,
			);
			path = Test;
			sourceTree = "<group>";
		};
		847A81341C77ADB9004110B2 /* AKCreature */ = {
			isa = PBXGroup;
			children = (
				8402EEEA1C7B768D0004E6DC /* AKCreatureMale */,
				8402EEE61C7B76820004E6DC /* AKCreatureFemale */,
				847A81351C77ADB9004110B2 /* AKCreature.h */,
				847A81361C77ADB9004110B2 /* AKCreature.m */,
			);
			path = AKCreature;
			sourceTree = "<group>";
		};
		847A81381C77ADC8004110B2 /* AKCreatureTest */ = {
			isa = PBXGroup;
			children = (
				847A813C1C77C195004110B2 /* AKCreatureTest.h */,
				847A813D1C77C195004110B2 /* AKCreatureTest.m */,
			);
			path = AKCreatureTest;
			sourceTree = "<group>";
		};
		849F02DB1CEA51FD00BBDC8E /* AKStateModel */ = {
			isa = PBXGroup;
			children = (
				849F02DC1CEA5CC000BBDC8E /* AKStateModel.h */,
				849F02DD1CEA5CC000BBDC8E /* AKStateModel.m */,
			);
			path = AKStateModel;
			sourceTree = "<group>";
		};
		84A6B1521C32D2FF000ACAA5 = {
			isa = PBXGroup;
			children = (
				84D867D41C79B9A3005B7E18 /* iOS Study Plan.txt */,
				847691D81C762984008682D4 /* C */,
				847691D21C762922008682D4 /* ObjC */,
				84B95DB41CE0CF5500BAA556 /* IOSProject */,
				84A6B15C1C32D2FF000ACAA5 /* Products */,
				84B677921C86E3500042FC86 /* TestAKStudy */,
			);
			sourceTree = "<group>";
		};
		84A6B15C1C32D2FF000ACAA5 /* Products */ = {
			isa = PBXGroup;
			children = (
				84A6B15B1C32D2FF000ACAA5 /* C */,
				8476922E1C763B66008682D4 /* ObjC */,
				84B677911C86E3500042FC86 /* TestAKStudy.xctest */,
				8412EC841CC7FCBA0064786A /* IOSProject.app */,
			);
			name = Products;
			sourceTree = "<group>";
		};
		84AA39471CB11CA2004DF487 /* AKProtocols */ = {
			isa = PBXGroup;
			children = (
				84AA39481CB11CA2004DF487 /* AKMoneyProtocol.h */,
				84AA39491CB11CA2004DF487 /* AKWorkerProtocol.h */,
			);
			path = AKProtocols;
			sourceTree = "<group>";
		};
		84AA394A1CB11D50004DF487 /* AKQueue */ = {
			isa = PBXGroup;
			children = (
				84AA394B1CB11D6B004DF487 /* AKQueue.h */,
				84AA394C1CB11D6B004DF487 /* AKQueue.m */,
			);
			path = AKQueue;
			sourceTree = "<group>";
		};
		84B14F5A1C7F4D45003B4B17 /* Supporting Files */ = {
			isa = PBXGroup;
			children = (
				84B14F5B1C7F4D45003B4B17 /* AKStudy-Prefix.pch */,
			);
			path = "Supporting Files";
			sourceTree = "<group>";
		};
		84B14F601C7F51E4003B4B17 /* AKExtensions */ = {
			isa = PBXGroup;
			children = (
				84B14F611C7F51E4003B4B17 /* NSObject+AKExtensions.h */,
				84B14F621C7F51E4003B4B17 /* NSObject+AKExtensions.m */,
				84B14F671C7FAD8E003B4B17 /* NSString+AKExtensions.h */,
				84B14F681C7FAD8E003B4B17 /* NSString+AKExtensions.m */,
			);
			path = AKExtensions;
			sourceTree = "<group>";
		};
		84B616761CB6CCF80048C92A /* AKDispatcher */ = {
			isa = PBXGroup;
			children = (
				84B616771CB6CD120048C92A /* AKDispatcher.h */,
				84B616781CB6CD120048C92A /* AKDispatcher.m */,
			);
			path = AKDispatcher;
			sourceTree = "<group>";
		};
		84B677921C86E3500042FC86 /* TestAKStudy */ = {
			isa = PBXGroup;
			children = (
				84B677931C86E3500042FC86 /* TestAKStudy.m */,
				84B677951C86E3500042FC86 /* Info.plist */,
			);
			path = TestAKStudy;
			sourceTree = "<group>";
		};
		84B95DB41CE0CF5500BAA556 /* IOSProject */ = {
			isa = PBXGroup;
			children = (
				84FE051D1CECD93B00AEC0D6 /* Images */,
				8434CF8A1CE1A25000C8498F /* AKMacroIOS.h */,
				84B95DB51CE0CF5500BAA556 /* AKExtentions */,
				84B95DC21CE0CF5500BAA556 /* Source */,
				84B95DDE1CE0CF5500BAA556 /* Supporting Files */,
			);
			path = IOSProject;
			sourceTree = "<group>";
		};
		84B95DB51CE0CF5500BAA556 /* AKExtentions */ = {
			isa = PBXGroup;
			children = (
				84D7DB011CEE425E0082B5AC /* NSBundle+AKCategory */,
				84FE05241CED1AC500AEC0D6 /* NSFileManager+AKCategory */,
				84B95E091CE0ED6C00BAA556 /* UINib+AKCategory */,
				84B95DB61CE0CF5500BAA556 /* CGGeometry+AKCategory */,
				84B95DB91CE0CF5500BAA556 /* UITabelView+AKCategory */,
				84B95DBC1CE0CF5500BAA556 /* UIViewController+AKCategory */,
				84B95DBF1CE0CF5500BAA556 /* UIWindow+AKCategory */,
			);
			path = AKExtentions;
			sourceTree = "<group>";
		};
		84B95DB61CE0CF5500BAA556 /* CGGeometry+AKCategory */ = {
			isa = PBXGroup;
			children = (
				84B95DB71CE0CF5500BAA556 /* CGGeometry+AKCategory.h */,
				84B95DB81CE0CF5500BAA556 /* CGGeometry+AKCategory.m */,
			);
			path = "CGGeometry+AKCategory";
			sourceTree = "<group>";
		};
		84B95DB91CE0CF5500BAA556 /* UITabelView+AKCategory */ = {
			isa = PBXGroup;
			children = (
				84B95DBA1CE0CF5500BAA556 /* UITableView+AKCategory.h */,
				84B95DBB1CE0CF5500BAA556 /* UITableView+AKCategory.m */,
			);
			path = "UITabelView+AKCategory";
			sourceTree = "<group>";
		};
		84B95DBC1CE0CF5500BAA556 /* UIViewController+AKCategory */ = {
			isa = PBXGroup;
			children = (
				84B95DBD1CE0CF5500BAA556 /* UIViewController+AKCategory.h */,
				84B95DBE1CE0CF5500BAA556 /* UIViewController+AKCategory.m */,
			);
			path = "UIViewController+AKCategory";
			sourceTree = "<group>";
		};
		84B95DBF1CE0CF5500BAA556 /* UIWindow+AKCategory */ = {
			isa = PBXGroup;
			children = (
				84B95DC01CE0CF5500BAA556 /* UIWindow+AKCategory.h */,
				84B95DC11CE0CF5500BAA556 /* UIWindow+AKCategory.m */,
			);
			path = "UIWindow+AKCategory";
			sourceTree = "<group>";
		};
		84B95DC21CE0CF5500BAA556 /* Source */ = {
			isa = PBXGroup;
			children = (
				84B95DFF1CE0D03F00BAA556 /* Models */,
				84B95DCA1CE0CF5500BAA556 /* UI */,
			);
			path = Source;
			sourceTree = "<group>";
		};
		84B95DCA1CE0CF5500BAA556 /* UI */ = {
			isa = PBXGroup;
			children = (
				84B95DCB1CE0CF5500BAA556 /* AKLabelViewController */,
				84B95DD31CE0CF5500BAA556 /* AKUserViewController */,
			);
			path = UI;
			sourceTree = "<group>";
		};
		84B95DCB1CE0CF5500BAA556 /* AKLabelViewController */ = {
			isa = PBXGroup;
			children = (
				84B95DCD1CE0CF5500BAA556 /* AKLabelView */,
				84B95DD01CE0CF5500BAA556 /* AKLabelViewController.h */,
				84B95DD11CE0CF5500BAA556 /* AKLabelViewController.m */,
				84B95DD21CE0CF5500BAA556 /* AKLabelViewController.xib */,
			);
			path = AKLabelViewController;
			sourceTree = "<group>";
		};
		84B95DCD1CE0CF5500BAA556 /* AKLabelView */ = {
			isa = PBXGroup;
			children = (
				84B95DCE1CE0CF5500BAA556 /* AKLabelView.h */,
				84B95DCF1CE0CF5500BAA556 /* AKLabelView.m */,
			);
			path = AKLabelView;
			sourceTree = "<group>";
		};
		84B95DD31CE0CF5500BAA556 /* AKUserViewController */ = {
			isa = PBXGroup;
			children = (
				84B95DD41CE0CF5500BAA556 /* AKUserView */,
				84B95DD71CE0CF5500BAA556 /* AKUserViewCell */,
				84B95DDB1CE0CF5500BAA556 /* AKUserViewController.h */,
				84B95DDC1CE0CF5500BAA556 /* AKUserViewController.m */,
				84B95DDD1CE0CF5500BAA556 /* AKUserViewController.xib */,
			);
			path = AKUserViewController;
			sourceTree = "<group>";
		};
		84B95DD41CE0CF5500BAA556 /* AKUserView */ = {
			isa = PBXGroup;
			children = (
				84B95DD51CE0CF5500BAA556 /* AKUserView.h */,
				84B95DD61CE0CF5500BAA556 /* AKUserView.m */,
			);
			path = AKUserView;
			sourceTree = "<group>";
		};
		84B95DD71CE0CF5500BAA556 /* AKUserViewCell */ = {
			isa = PBXGroup;
			children = (
				84B95DD81CE0CF5500BAA556 /* AKUserViewCell.h */,
				84B95DD91CE0CF5500BAA556 /* AKUserViewCell.m */,
				84B95DDA1CE0CF5500BAA556 /* AKUserViewCell.xib */,
			);
			path = AKUserViewCell;
			sourceTree = "<group>";
		};
		84B95DDE1CE0CF5500BAA556 /* Supporting Files */ = {
			isa = PBXGroup;
			children = (
				84B95DDF1CE0CF5500BAA556 /* AKAppDelegate */,
				84B95DE31CE0CF5500BAA556 /* Assets.xcassets */,
				84B95DE41CE0CF5500BAA556 /* LaunchScreen.storyboard */,
				84B95DE61CE0CF5500BAA556 /* Main.storyboard */,
				84B95DE81CE0CF5500BAA556 /* Info.plist */,
				84B95DE91CE0CF5500BAA556 /* IOSProject-Prefix.pch */,
				84B95DEA1CE0CF5500BAA556 /* main.m */,
			);
			path = "Supporting Files";
			sourceTree = "<group>";
		};
		84B95DDF1CE0CF5500BAA556 /* AKAppDelegate */ = {
			isa = PBXGroup;
			children = (
				84B95DE01CE0CF5500BAA556 /* AKAppDelegate.h */,
				84B95DE11CE0CF5500BAA556 /* AKAppDelegate.m */,
			);
			path = AKAppDelegate;
			sourceTree = "<group>";
		};
		84B95DFF1CE0D03F00BAA556 /* Models */ = {
			isa = PBXGroup;
			children = (
				841B3A201CF63941005E972E /* AKImageModel */,
				8447B2A71CF488BA003DCE14 /* AKModel */,
				846C01031CEE5D0900EBC949 /* AKViewModel */,
				849F02DB1CEA51FD00BBDC8E /* AKStateModel */,
				84B95E001CE0D03F00BAA556 /* AKArrayModel */,
				84B95E031CE0D03F00BAA556 /* AKStringModel */,
			);
			path = Models;
			sourceTree = "<group>";
		};
		84B95E001CE0D03F00BAA556 /* AKArrayModel */ = {
			isa = PBXGroup;
			children = (
				84C6F4931CF238E200CD045C /* AKArrayModelManager */,
				84B95E011CE0D03F00BAA556 /* AKArrayModel.h */,
				84B95E021CE0D03F00BAA556 /* AKArrayModel.m */,
			);
			path = AKArrayModel;
			sourceTree = "<group>";
		};
		84B95E031CE0D03F00BAA556 /* AKStringModel */ = {
			isa = PBXGroup;
			children = (
				84B95E041CE0D03F00BAA556 /* AKStringModel.h */,
				84B95E051CE0D03F00BAA556 /* AKStringModel.m */,
			);
			path = AKStringModel;
			sourceTree = "<group>";
		};
		84B95E091CE0ED6C00BAA556 /* UINib+AKCategory */ = {
			isa = PBXGroup;
			children = (
				84B95E0A1CE0ED8400BAA556 /* UINib+AKCategory.h */,
				84B95E0B1CE0ED8400BAA556 /* UINib+AKCategory.m */,
			);
			path = "UINib+AKCategory";
			sourceTree = "<group>";
		};
		84C406BD1C98651C002000DE /* AKObserver */ = {
			isa = PBXGroup;
			children = (
				8418E5751CBE769700141D27 /* Private */,
				84C406BE1C986539002000DE /* AKObserver.h */,
				84C406BF1C986539002000DE /* AKObserver.m */,
			);
			path = AKObserver;
			sourceTree = "<group>";
		};
		84C6F4931CF238E200CD045C /* AKArrayModelManager */ = {
			isa = PBXGroup;
			children = (
				84C6F4941CF238EF00CD045C /* AKArrayManager.h */,
				84C6F4951CF238EF00CD045C /* AKArrayManager.m */,
			);
			path = AKArrayModelManager;
			sourceTree = "<group>";
		};
		84C956A61CC573A20026BCC5 /* AKMacro */ = {
			isa = PBXGroup;
			children = (
				84C956A81CC573EA0026BCC5 /* AKMacroObjC.h */,
			);
			path = AKMacro;
			sourceTree = "<group>";
		};
		84C956A91CC575D40026BCC5 /* AKDispatch */ = {
			isa = PBXGroup;
			children = (
				84C956AA1CC575E30026BCC5 /* AKDispatch.h */,
				84C956AB1CC575E30026BCC5 /* AKDispatch.m */,
			);
			path = AKDispatch;
			sourceTree = "<group>";
		};
		84D7DB011CEE425E0082B5AC /* NSBundle+AKCategory */ = {
			isa = PBXGroup;
			children = (
				84D7DB021CEE42910082B5AC /* NSBundle+AKCategory.h */,
				84D7DB031CEE42910082B5AC /* NSBundle+AKCategory.m */,
			);
			path = "NSBundle+AKCategory";
			sourceTree = "<group>";
		};
		84F708D31CADA49A00CBBFF7 /* AKEnterprise */ = {
			isa = PBXGroup;
			children = (
				84B616761CB6CCF80048C92A /* AKDispatcher */,
				84AA39471CB11CA2004DF487 /* AKProtocols */,
				84F708E31CADA49A00CBBFF7 /* AKEnterprise.h */,
				84F708E41CADA49A00CBBFF7 /* AKEnterprise.m */,
				84F708D41CADA49A00CBBFF7 /* AKCar */,
				84F708D71CADA49A00CBBFF7 /* AKEmployee */,
			);
			path = AKEnterprise;
			sourceTree = "<group>";
		};
		84F708D41CADA49A00CBBFF7 /* AKCar */ = {
			isa = PBXGroup;
			children = (
				84F708D51CADA49A00CBBFF7 /* AKCar.h */,
				84F708D61CADA49A00CBBFF7 /* AKCar.m */,
			);
			path = AKCar;
			sourceTree = "<group>";
		};
		84F708D71CADA49A00CBBFF7 /* AKEmployee */ = {
			isa = PBXGroup;
			children = (
				84F708E11CADA49A00CBBFF7 /* AKEmployee.h */,
				84F708E21CADA49A00CBBFF7 /* AKEmployee.m */,
				84AA394A1CB11D50004DF487 /* AKQueue */,
				84F708DE1CADA49A00CBBFF7 /* AKCarsWasher */,
				84F708D81CADA49A00CBBFF7 /* AKAccountant */,
				84F708DB1CADA49A00CBBFF7 /* AKBoss */,
			);
			path = AKEmployee;
			sourceTree = "<group>";
		};
		84F708D81CADA49A00CBBFF7 /* AKAccountant */ = {
			isa = PBXGroup;
			children = (
				84F708D91CADA49A00CBBFF7 /* AKAccountant.h */,
				84F708DA1CADA49A00CBBFF7 /* AKAccountant.m */,
			);
			path = AKAccountant;
			sourceTree = "<group>";
		};
		84F708DB1CADA49A00CBBFF7 /* AKBoss */ = {
			isa = PBXGroup;
			children = (
				84F708DC1CADA49A00CBBFF7 /* AKBoss.h */,
				84F708DD1CADA49A00CBBFF7 /* AKBoss.m */,
			);
			path = AKBoss;
			sourceTree = "<group>";
		};
		84F708DE1CADA49A00CBBFF7 /* AKCarsWasher */ = {
			isa = PBXGroup;
			children = (
				84F708DF1CADA49A00CBBFF7 /* AKCarsWasher.h */,
				84F708E01CADA49A00CBBFF7 /* AKCarsWasher.m */,
			);
			path = AKCarsWasher;
			sourceTree = "<group>";
		};
		84FB41131C84E04E00AB4C4C /* AKAlphabet */ = {
			isa = PBXGroup;
			children = (
				84FB41171C84E09300AB4C4C /* Private */,
				84FB41141C84E07E00AB4C4C /* AKAlphabet.h */,
				84FB41151C84E07E00AB4C4C /* AKAlphabet.m */,
			);
			path = AKAlphabet;
			sourceTree = "<group>";
		};
		84FB41171C84E09300AB4C4C /* Private */ = {
			isa = PBXGroup;
			children = (
				84FB41181C84E29B00AB4C4C /* AKRangeAlphabet.h */,
				84FB41191C84E29B00AB4C4C /* AKRangeAlphabet.m */,
				84FB411C1C84E3B400AB4C4C /* AKStringAlphabet.h */,
				84FB411D1C84E3B400AB4C4C /* AKStringAlphabet.m */,
				84FB41201C84E3C900AB4C4C /* AKClusterAlphabet.h */,
				84FB41211C84E3C900AB4C4C /* AKClusterAlphabet.m */,
			);
			path = Private;
			sourceTree = "<group>";
		};
		84FE051D1CECD93B00AEC0D6 /* Images */ = {
			isa = PBXGroup;
			children = (
				84FE051E1CECD9E600AEC0D6 /* Duck.jpg */,
			);
			name = Images;
			path = Resources/Images;
			sourceTree = "<group>";
		};
		84FE05241CED1AC500AEC0D6 /* NSFileManager+AKCategory */ = {
			isa = PBXGroup;
			children = (
				84FE05251CED1ADE00AEC0D6 /* NSFileManager+AKCategory.h */,
				84FE05261CED1ADE00AEC0D6 /* NSFileManager+AKCategory.m */,
			);
			path = "NSFileManager+AKCategory";
			sourceTree = "<group>";
		};
/* End PBXGroup section */

/* Begin PBXNativeTarget section */
		8412EC831CC7FCBA0064786A /* IOSProject */ = {
			isa = PBXNativeTarget;
			buildConfigurationList = 8412EC9A1CC7FCBB0064786A /* Build configuration list for PBXNativeTarget "IOSProject" */;
			buildPhases = (
				8412EC801CC7FCBA0064786A /* Sources */,
				8412EC811CC7FCBA0064786A /* Frameworks */,
				8412EC821CC7FCBA0064786A /* Resources */,
			);
			buildRules = (
			);
			dependencies = (
			);
			name = IOSProject;
			productName = IOSProject;
			productReference = 8412EC841CC7FCBA0064786A /* IOSProject.app */;
			productType = "com.apple.product-type.application";
		};
		8476922D1C763B66008682D4 /* ObjC */ = {
			isa = PBXNativeTarget;
			buildConfigurationList = 847692321C763B66008682D4 /* Build configuration list for PBXNativeTarget "ObjC" */;
			buildPhases = (
				8476922A1C763B66008682D4 /* Sources */,
				8476922B1C763B66008682D4 /* Frameworks */,
				8476922C1C763B66008682D4 /* CopyFiles */,
			);
			buildRules = (
			);
			dependencies = (
			);
			name = ObjC;
			productName = ObjC;
			productReference = 8476922E1C763B66008682D4 /* ObjC */;
			productType = "com.apple.product-type.tool";
		};
		84A6B15A1C32D2FF000ACAA5 /* C */ = {
			isa = PBXNativeTarget;
			buildConfigurationList = 84A6B1621C32D2FF000ACAA5 /* Build configuration list for PBXNativeTarget "C" */;
			buildPhases = (
				84A6B1571C32D2FF000ACAA5 /* Sources */,
				84A6B1581C32D2FF000ACAA5 /* Frameworks */,
				84A6B1591C32D2FF000ACAA5 /* CopyFiles */,
			);
			buildRules = (
			);
			dependencies = (
			);
			name = C;
			productName = AKStudy;
			productReference = 84A6B15B1C32D2FF000ACAA5 /* C */;
			productType = "com.apple.product-type.tool";
		};
		84B677901C86E3500042FC86 /* TestAKStudy */ = {
			isa = PBXNativeTarget;
			buildConfigurationList = 84B677961C86E3500042FC86 /* Build configuration list for PBXNativeTarget "TestAKStudy" */;
			buildPhases = (
				84B6778D1C86E3500042FC86 /* Sources */,
				84B6778E1C86E3500042FC86 /* Frameworks */,
				84B6778F1C86E3500042FC86 /* Resources */,
			);
			buildRules = (
			);
			dependencies = (
			);
			name = TestAKStudy;
			productName = TestAKStudy;
			productReference = 84B677911C86E3500042FC86 /* TestAKStudy.xctest */;
			productType = "com.apple.product-type.bundle.unit-test";
		};
/* End PBXNativeTarget section */

/* Begin PBXProject section */
		84A6B1531C32D2FF000ACAA5 /* Project object */ = {
			isa = PBXProject;
			attributes = {
				LastUpgradeCheck = 0730;
				ORGANIZATIONNAME = Admin;
				TargetAttributes = {
					8412EC831CC7FCBA0064786A = {
						CreatedOnToolsVersion = 7.3;
					};
					8476922D1C763B66008682D4 = {
						CreatedOnToolsVersion = 7.2;
					};
					84A6B15A1C32D2FF000ACAA5 = {
						CreatedOnToolsVersion = 7.2;
					};
					84B677901C86E3500042FC86 = {
						CreatedOnToolsVersion = 7.2;
					};
				};
			};
			buildConfigurationList = 84A6B1561C32D2FF000ACAA5 /* Build configuration list for PBXProject "AKStudy" */;
			compatibilityVersion = "Xcode 3.2";
			developmentRegion = English;
			hasScannedForEncodings = 0;
			knownRegions = (
				en,
				Base,
			);
			mainGroup = 84A6B1521C32D2FF000ACAA5;
			productRefGroup = 84A6B15C1C32D2FF000ACAA5 /* Products */;
			projectDirPath = "";
			projectRoot = "";
			targets = (
				84A6B15A1C32D2FF000ACAA5 /* C */,
				8476922D1C763B66008682D4 /* ObjC */,
				84B677901C86E3500042FC86 /* TestAKStudy */,
				8412EC831CC7FCBA0064786A /* IOSProject */,
			);
		};
/* End PBXProject section */

/* Begin PBXResourcesBuildPhase section */
		8412EC821CC7FCBA0064786A /* Resources */ = {
			isa = PBXResourcesBuildPhase;
			buildActionMask = 2147483647;
			files = (
				84B95DF81CE0CF5500BAA556 /* AKUserViewController.xib in Resources */,
				84B95DF31CE0CF5500BAA556 /* AKLabelViewController.xib in Resources */,
				84B95DFA1CE0CF5500BAA556 /* Assets.xcassets in Resources */,
				84B95DFC1CE0CF5500BAA556 /* Main.storyboard in Resources */,
				84B95DFB1CE0CF5500BAA556 /* LaunchScreen.storyboard in Resources */,
				84FE051F1CECD9E600AEC0D6 /* Duck.jpg in Resources */,
				841B3A2D1CF6508B005E972E /* AKLoadingView.xib in Resources */,
				84B95DF61CE0CF5500BAA556 /* AKUserViewCell.xib in Resources */,
			);
			runOnlyForDeploymentPostprocessing = 0;
		};
		84B6778F1C86E3500042FC86 /* Resources */ = {
			isa = PBXResourcesBuildPhase;
			buildActionMask = 2147483647;
			files = (
			);
			runOnlyForDeploymentPostprocessing = 0;
		};
/* End PBXResourcesBuildPhase section */

/* Begin PBXSourcesBuildPhase section */
		8412EC801CC7FCBA0064786A /* Sources */ = {
			isa = PBXSourcesBuildPhase;
			buildActionMask = 2147483647;
			files = (
				84B95E071CE0D03F00BAA556 /* AKStringModel.m in Sources */,
				84B95DF21CE0CF5500BAA556 /* AKLabelViewController.m in Sources */,
				84B95DEC1CE0CF5500BAA556 /* UITableView+AKCategory.m in Sources */,
				849F02DE1CEA5CC000BBDC8E /* AKStateModel.m in Sources */,
				8447B2AA1CF488E9003DCE14 /* AKModel.m in Sources */,
				84D7DB041CEE42910082B5AC /* NSBundle+AKCategory.m in Sources */,
				84FE05271CED1ADE00AEC0D6 /* NSFileManager+AKCategory.m in Sources */,
				84E869B31CDB7ED600D0E13C /* AKClusterAlphabet.m in Sources */,
				84B95DED1CE0CF5500BAA556 /* UIViewController+AKCategory.m in Sources */,
				841B3A311CF65508005E972E /* AKImageView.m in Sources */,
				841B3A231CF6394E005E972E /* AKImageModel.m in Sources */,
				84B95E061CE0D03F00BAA556 /* AKArrayModel.m in Sources */,
				849F02E11CEA782900BBDC8E /* AKObserverArray.m in Sources */,
				84E869B21CDB7ED600D0E13C /* AKStringAlphabet.m in Sources */,
				849F02DF1CEA781E00BBDC8E /* AKObserver.m in Sources */,
				84E869AF1CDB7D7800D0E13C /* NSString+AKExtensions.m in Sources */,
				84B95DF11CE0CF5500BAA556 /* AKLabelView.m in Sources */,
				84B95DEE1CE0CF5500BAA556 /* UIWindow+AKCategory.m in Sources */,
				84B95DEB1CE0CF5500BAA556 /* CGGeometry+AKCategory.m in Sources */,
				849F02E01CEA782700BBDC8E /* AKObserverDictionary.m in Sources */,
				84B95E0C1CE0ED8400BAA556 /* UINib+AKCategory.m in Sources */,
				84D7DB001CEDFD630082B5AC /* AKDispatch.m in Sources */,
				849F02E21CEA782C00BBDC8E /* AKObserverObject.m in Sources */,
				84B95DF71CE0CF5500BAA556 /* AKUserViewController.m in Sources */,
				84B95DF41CE0CF5500BAA556 /* AKUserView.m in Sources */,
				84E869B11CDB7ED600D0E13C /* AKRangeAlphabet.m in Sources */,
				84B95DF51CE0CF5500BAA556 /* AKUserViewCell.m in Sources */,
				846C010A1CEE5D5E00EBC949 /* AKLoadingView.m in Sources */,
				846C01061CEE5D2500EBC949 /* AKViewModel.m in Sources */,
				84B95DF91CE0CF5500BAA556 /* AKAppDelegate.m in Sources */,
				84C6F4961CF238EF00CD045C /* AKArrayManager.m in Sources */,
				84B95DFE1CE0CF5500BAA556 /* main.m in Sources */,
				84E869B01CDB7E9D00D0E13C /* AKAlphabet.m in Sources */,
			);
			runOnlyForDeploymentPostprocessing = 0;
		};
		8476922A1C763B66008682D4 /* Sources */ = {
			isa = PBXSourcesBuildPhase;
			buildActionMask = 2147483647;
			files = (
				84F708E71CADA49A00CBBFF7 /* AKCar.m in Sources */,
				84AA394D1CB11D6B004DF487 /* AKQueue.m in Sources */,
				8418E5871CBE76F400141D27 /* AKObserverObject.m in Sources */,
				84F708E91CADA49A00CBBFF7 /* AKAccountant.m in Sources */,
				8402EEED1C7B768D0004E6DC /* AKCreatureMale.m in Sources */,
				84B14F631C7F51E4003B4B17 /* NSObject+AKExtensions.m in Sources */,
				847A813E1C77C195004110B2 /* AKCreatureTest.m in Sources */,
				84F708F11CADA49A00CBBFF7 /* AKEnterprise.m in Sources */,
				84C956AC1CC575E30026BCC5 /* AKDispatch.m in Sources */,
				8418E57F1CBE76D800141D27 /* AKObserverDictionary.m in Sources */,
				84F708ED1CADA49A00CBBFF7 /* AKCarsWasher.m in Sources */,
				84B616791CB6CD120048C92A /* AKDispatcher.m in Sources */,
				84C406C01C986539002000DE /* AKObserver.m in Sources */,
				847A81371C77ADB9004110B2 /* AKCreature.m in Sources */,
				84F708EB1CADA49A00CBBFF7 /* AKBoss.m in Sources */,
				8418E5831CBE76E400141D27 /* AKObserverArray.m in Sources */,
				8402EEE91C7B76820004E6DC /* AKCreatureFemale.m in Sources */,
				84F708EF1CADA49A00CBBFF7 /* AKEmployee.m in Sources */,
				84E1BB981C7CCE9900EC8FB1 /* main.m in Sources */,
			);
			runOnlyForDeploymentPostprocessing = 0;
		};
		84A6B1571C32D2FF000ACAA5 /* Sources */ = {
			isa = PBXSourcesBuildPhase;
			buildActionMask = 2147483647;
			files = (
				8476921D1C762984008682D4 /* AKArrayTest.c in Sources */,
				8476921B1C762984008682D4 /* AKStruct.c in Sources */,
				847692221C762984008682D4 /* AKStringTest.c in Sources */,
				847692131C762984008682D4 /* main.c in Sources */,
				847692151C762984008682D4 /* AKEnumerator.c in Sources */,
				847692231C762984008682D4 /* AKStructTests.c in Sources */,
				847692141C762984008682D4 /* AKArray.c in Sources */,
				847692171C762984008682D4 /* AKLinkedList.c in Sources */,
				847692191C762984008682D4 /* AKObject.c in Sources */,
				847692161C762984008682D4 /* AKHuman.c in Sources */,
				8476921F1C762984008682D4 /* AKLinkedListTest.c in Sources */,
				8476921A1C762984008682D4 /* AKString.c in Sources */,
				8476921C1C762984008682D4 /* AKValueBitOutput.c in Sources */,
				847692211C762984008682D4 /* AKNodeTest.c in Sources */,
				847692181C762984008682D4 /* AKNode.c in Sources */,
				847692201C762984008682D4 /* AKMacroTests.c in Sources */,
				847692241C762984008682D4 /* AKValueBitOutputTests.c in Sources */,
				8476921E1C762984008682D4 /* AKHumanTest.c in Sources */,
			);
			runOnlyForDeploymentPostprocessing = 0;
		};
		84B6778D1C86E3500042FC86 /* Sources */ = {
			isa = PBXSourcesBuildPhase;
			buildActionMask = 2147483647;
			files = (
				84F708F21CADA49A00CBBFF7 /* AKEnterprise.m in Sources */,
				84F708EC1CADA49A00CBBFF7 /* AKBoss.m in Sources */,
				84B677991C86E3770042FC86 /* AKCreature.m in Sources */,
				84AA394E1CB11D6B004DF487 /* AKQueue.m in Sources */,
				84AFB1A71C8AD0A3001795AE /* NSObject+AKExtensions.m in Sources */,
				84F708EA1CADA49A00CBBFF7 /* AKAccountant.m in Sources */,
				84F708EE1CADA49A00CBBFF7 /* AKCarsWasher.m in Sources */,
				84F708F01CADA49A00CBBFF7 /* AKEmployee.m in Sources */,
				84B6167A1CB6CD120048C92A /* AKDispatcher.m in Sources */,
				8418E5881CBE76F400141D27 /* AKObserverObject.m in Sources */,
				84F708E81CADA49A00CBBFF7 /* AKCar.m in Sources */,
				8418E5841CBE76E400141D27 /* AKObserverArray.m in Sources */,
				84B677941C86E3500042FC86 /* TestAKStudy.m in Sources */,
			);
			runOnlyForDeploymentPostprocessing = 0;
		};
/* End PBXSourcesBuildPhase section */

/* Begin PBXVariantGroup section */
		84B95DE41CE0CF5500BAA556 /* LaunchScreen.storyboard */ = {
			isa = PBXVariantGroup;
			children = (
				84B95DE51CE0CF5500BAA556 /* Base */,
			);
			name = LaunchScreen.storyboard;
			sourceTree = "<group>";
		};
		84B95DE61CE0CF5500BAA556 /* Main.storyboard */ = {
			isa = PBXVariantGroup;
			children = (
				84B95DE71CE0CF5500BAA556 /* Base */,
			);
			name = Main.storyboard;
			sourceTree = "<group>";
		};
/* End PBXVariantGroup section */

/* Begin XCBuildConfiguration section */
		8412EC981CC7FCBB0064786A /* Debug */ = {
			isa = XCBuildConfiguration;
			buildSettings = {
				ASSETCATALOG_COMPILER_APPICON_NAME = AppIcon;
				CLANG_ANALYZER_NONNULL = YES;
				"CODE_SIGN_IDENTITY[sdk=iphoneos*]" = "iPhone Developer";
				GCC_PRECOMPILE_PREFIX_HEADER = YES;
				GCC_PREFIX_HEADER = "$(PROJECT_DIR)/IOSProject/Supporting Files/IOSProject-Prefix.pch";
				INFOPLIST_FILE = "IOSProject/Supporting Files/Info.plist";
				IPHONEOS_DEPLOYMENT_TARGET = 8.2;
				LD_RUNPATH_SEARCH_PATHS = "$(inherited) @executable_path/Frameworks";
				PRODUCT_BUNDLE_IDENTIFIER = AK.IOSProject;
				PRODUCT_NAME = "$(TARGET_NAME)";
				SDKROOT = iphoneos;
				TARGETED_DEVICE_FAMILY = 1;
			};
			name = Debug;
		};
		8412EC991CC7FCBB0064786A /* Release */ = {
			isa = XCBuildConfiguration;
			buildSettings = {
				ASSETCATALOG_COMPILER_APPICON_NAME = AppIcon;
				CLANG_ANALYZER_NONNULL = YES;
				"CODE_SIGN_IDENTITY[sdk=iphoneos*]" = "iPhone Developer";
				GCC_PRECOMPILE_PREFIX_HEADER = YES;
				GCC_PREFIX_HEADER = "$(PROJECT_DIR)/IOSProject/Supporting Files/IOSProject-Prefix.pch";
				INFOPLIST_FILE = "IOSProject/Supporting Files/Info.plist";
				IPHONEOS_DEPLOYMENT_TARGET = 8.2;
				LD_RUNPATH_SEARCH_PATHS = "$(inherited) @executable_path/Frameworks";
				PRODUCT_BUNDLE_IDENTIFIER = AK.IOSProject;
				PRODUCT_NAME = "$(TARGET_NAME)";
				SDKROOT = iphoneos;
				TARGETED_DEVICE_FAMILY = 1;
				VALIDATE_PRODUCT = YES;
			};
			name = Release;
		};
		847692331C763B66008682D4 /* Debug */ = {
			isa = XCBuildConfiguration;
			buildSettings = {
				CLANG_ENABLE_OBJC_ARC = NO;
				CLANG_ENABLE_OBJC_WEAK = YES;
				GCC_INCREASE_PRECOMPILED_HEADER_SHARING = NO;
				GCC_PRECOMPILE_PREFIX_HEADER = YES;
				GCC_PREFIX_HEADER = "$(PROJECT_DIR)/ObjC/Supporting Files/AKStudy-Prefix.pch";
				MACOSX_DEPLOYMENT_TARGET = 10.10;
				PRODUCT_NAME = "$(TARGET_NAME)";
			};
			name = Debug;
		};
		847692341C763B66008682D4 /* Release */ = {
			isa = XCBuildConfiguration;
			buildSettings = {
				CLANG_ENABLE_OBJC_ARC = NO;
				CLANG_ENABLE_OBJC_WEAK = YES;
				GCC_INCREASE_PRECOMPILED_HEADER_SHARING = NO;
				GCC_PRECOMPILE_PREFIX_HEADER = YES;
				GCC_PREFIX_HEADER = "$(PROJECT_DIR)/ObjC/Supporting Files/AKStudy-Prefix.pch";
				MACOSX_DEPLOYMENT_TARGET = 10.10;
				PRODUCT_NAME = "$(TARGET_NAME)";
			};
			name = Release;
		};
		84A6B1601C32D2FF000ACAA5 /* Debug */ = {
			isa = XCBuildConfiguration;
			buildSettings = {
				ALWAYS_SEARCH_USER_PATHS = NO;
				CLANG_CXX_LANGUAGE_STANDARD = "gnu++0x";
				CLANG_CXX_LIBRARY = "libc++";
				CLANG_ENABLE_MODULES = YES;
				CLANG_ENABLE_OBJC_ARC = YES;
				CLANG_WARN_BOOL_CONVERSION = YES;
				CLANG_WARN_CONSTANT_CONVERSION = YES;
				CLANG_WARN_DIRECT_OBJC_ISA_USAGE = YES_ERROR;
				CLANG_WARN_EMPTY_BODY = YES;
				CLANG_WARN_ENUM_CONVERSION = YES;
				CLANG_WARN_INT_CONVERSION = YES;
				CLANG_WARN_OBJC_ROOT_CLASS = YES_ERROR;
				CLANG_WARN_UNREACHABLE_CODE = YES;
				CLANG_WARN__DUPLICATE_METHOD_MATCH = YES;
				CODE_SIGN_IDENTITY = "-";
				COPY_PHASE_STRIP = NO;
				DEBUG_INFORMATION_FORMAT = dwarf;
				ENABLE_STRICT_OBJC_MSGSEND = YES;
				ENABLE_TESTABILITY = YES;
				GCC_C_LANGUAGE_STANDARD = gnu99;
				GCC_DYNAMIC_NO_PIC = NO;
				GCC_NO_COMMON_BLOCKS = YES;
				GCC_OPTIMIZATION_LEVEL = 0;
				GCC_PREPROCESSOR_DEFINITIONS = (
					"DEBUG=1",
					"$(inherited)",
				);
				GCC_WARN_64_TO_32_BIT_CONVERSION = YES;
				GCC_WARN_ABOUT_RETURN_TYPE = YES_ERROR;
				GCC_WARN_UNDECLARED_SELECTOR = YES;
				GCC_WARN_UNINITIALIZED_AUTOS = YES_AGGRESSIVE;
				GCC_WARN_UNUSED_FUNCTION = YES;
				GCC_WARN_UNUSED_VARIABLE = YES;
				MACOSX_DEPLOYMENT_TARGET = 10.11;
				MTL_ENABLE_DEBUG_INFO = YES;
				ONLY_ACTIVE_ARCH = YES;
				SDKROOT = macosx;
			};
			name = Debug;
		};
		84A6B1611C32D2FF000ACAA5 /* Release */ = {
			isa = XCBuildConfiguration;
			buildSettings = {
				ALWAYS_SEARCH_USER_PATHS = NO;
				CLANG_CXX_LANGUAGE_STANDARD = "gnu++0x";
				CLANG_CXX_LIBRARY = "libc++";
				CLANG_ENABLE_MODULES = YES;
				CLANG_ENABLE_OBJC_ARC = YES;
				CLANG_WARN_BOOL_CONVERSION = YES;
				CLANG_WARN_CONSTANT_CONVERSION = YES;
				CLANG_WARN_DIRECT_OBJC_ISA_USAGE = YES_ERROR;
				CLANG_WARN_EMPTY_BODY = YES;
				CLANG_WARN_ENUM_CONVERSION = YES;
				CLANG_WARN_INT_CONVERSION = YES;
				CLANG_WARN_OBJC_ROOT_CLASS = YES_ERROR;
				CLANG_WARN_UNREACHABLE_CODE = YES;
				CLANG_WARN__DUPLICATE_METHOD_MATCH = YES;
				CODE_SIGN_IDENTITY = "-";
				COPY_PHASE_STRIP = NO;
				DEBUG_INFORMATION_FORMAT = "dwarf-with-dsym";
				ENABLE_NS_ASSERTIONS = NO;
				ENABLE_STRICT_OBJC_MSGSEND = YES;
				GCC_C_LANGUAGE_STANDARD = gnu99;
				GCC_NO_COMMON_BLOCKS = YES;
				GCC_WARN_64_TO_32_BIT_CONVERSION = YES;
				GCC_WARN_ABOUT_RETURN_TYPE = YES_ERROR;
				GCC_WARN_UNDECLARED_SELECTOR = YES;
				GCC_WARN_UNINITIALIZED_AUTOS = YES_AGGRESSIVE;
				GCC_WARN_UNUSED_FUNCTION = YES;
				GCC_WARN_UNUSED_VARIABLE = YES;
				MACOSX_DEPLOYMENT_TARGET = 10.11;
				MTL_ENABLE_DEBUG_INFO = NO;
				SDKROOT = macosx;
			};
			name = Release;
		};
		84A6B1631C32D2FF000ACAA5 /* Debug */ = {
			isa = XCBuildConfiguration;
			buildSettings = {
				MACOSX_DEPLOYMENT_TARGET = 10.10;
				PRODUCT_NAME = "$(TARGET_NAME)";
			};
			name = Debug;
		};
		84A6B1641C32D2FF000ACAA5 /* Release */ = {
			isa = XCBuildConfiguration;
			buildSettings = {
				MACOSX_DEPLOYMENT_TARGET = 10.10;
				PRODUCT_NAME = "$(TARGET_NAME)";
			};
			name = Release;
		};
		84B677971C86E3500042FC86 /* Debug */ = {
			isa = XCBuildConfiguration;
			buildSettings = {
				CLANG_ENABLE_OBJC_ARC = NO;
				COMBINE_HIDPI_IMAGES = YES;
				GCC_PRECOMPILE_PREFIX_HEADER = YES;
				GCC_PREFIX_HEADER = "$(PROJECT_DIR)/ObjC/Supporting Files/AKStudy-Prefix.pch";
				INFOPLIST_FILE = TestAKStudy/Info.plist;
				LD_RUNPATH_SEARCH_PATHS = "$(inherited) @executable_path/../Frameworks @loader_path/../Frameworks";
				PRODUCT_BUNDLE_IDENTIFIER = IDP.TestAKStudy;
				PRODUCT_NAME = "$(TARGET_NAME)";
			};
			name = Debug;
		};
		84B677981C86E3500042FC86 /* Release */ = {
			isa = XCBuildConfiguration;
			buildSettings = {
				CLANG_ENABLE_OBJC_ARC = NO;
				COMBINE_HIDPI_IMAGES = YES;
				GCC_PRECOMPILE_PREFIX_HEADER = YES;
				GCC_PREFIX_HEADER = "$(PROJECT_DIR)/ObjC/Supporting Files/AKStudy-Prefix.pch";
				INFOPLIST_FILE = TestAKStudy/Info.plist;
				LD_RUNPATH_SEARCH_PATHS = "$(inherited) @executable_path/../Frameworks @loader_path/../Frameworks";
				PRODUCT_BUNDLE_IDENTIFIER = IDP.TestAKStudy;
				PRODUCT_NAME = "$(TARGET_NAME)";
			};
			name = Release;
		};
/* End XCBuildConfiguration section */

/* Begin XCConfigurationList section */
		8412EC9A1CC7FCBB0064786A /* Build configuration list for PBXNativeTarget "IOSProject" */ = {
			isa = XCConfigurationList;
			buildConfigurations = (
				8412EC981CC7FCBB0064786A /* Debug */,
				8412EC991CC7FCBB0064786A /* Release */,
			);
			defaultConfigurationIsVisible = 0;
			defaultConfigurationName = Release;
		};
		847692321C763B66008682D4 /* Build configuration list for PBXNativeTarget "ObjC" */ = {
			isa = XCConfigurationList;
			buildConfigurations = (
				847692331C763B66008682D4 /* Debug */,
				847692341C763B66008682D4 /* Release */,
			);
			defaultConfigurationIsVisible = 0;
			defaultConfigurationName = Release;
		};
		84A6B1561C32D2FF000ACAA5 /* Build configuration list for PBXProject "AKStudy" */ = {
			isa = XCConfigurationList;
			buildConfigurations = (
				84A6B1601C32D2FF000ACAA5 /* Debug */,
				84A6B1611C32D2FF000ACAA5 /* Release */,
			);
			defaultConfigurationIsVisible = 0;
			defaultConfigurationName = Release;
		};
		84A6B1621C32D2FF000ACAA5 /* Build configuration list for PBXNativeTarget "C" */ = {
			isa = XCConfigurationList;
			buildConfigurations = (
				84A6B1631C32D2FF000ACAA5 /* Debug */,
				84A6B1641C32D2FF000ACAA5 /* Release */,
			);
			defaultConfigurationIsVisible = 0;
			defaultConfigurationName = Release;
		};
		84B677961C86E3500042FC86 /* Build configuration list for PBXNativeTarget "TestAKStudy" */ = {
			isa = XCConfigurationList;
			buildConfigurations = (
				84B677971C86E3500042FC86 /* Debug */,
				84B677981C86E3500042FC86 /* Release */,
			);
			defaultConfigurationIsVisible = 0;
			defaultConfigurationName = Release;
		};
/* End XCConfigurationList section */
	};
	rootObject = 84A6B1531C32D2FF000ACAA5 /* Project object */;
}
